// !$*UTF8*$!
{
	archiveVersion = 1;
	classes = {
	};
	objectVersion = 46;
	objects = {

/* Begin PBXBuildFile section */
		15A8835A162DF25D00671CDC /* fire_visual_effect.nut in Resources */ = {isa = PBXBuildFile; fileRef = 15A88359162DF25D00671CDC /* fire_visual_effect.nut */; };
		15A88367163074F400671CDC /* common.nut in Resources */ = {isa = PBXBuildFile; fileRef = 15A88364163074F400671CDC /* common.nut */; };
		15A88368163074F400671CDC /* vector2d.nut in Resources */ = {isa = PBXBuildFile; fileRef = 15A88365163074F400671CDC /* vector2d.nut */; };
		15A88369163074F400671CDC /* vector4d.nut in Resources */ = {isa = PBXBuildFile; fileRef = 15A88366163074F400671CDC /* vector4d.nut */; };
		15A8837516307A7100671CDC /* particle_mgr.nut in Resources */ = {isa = PBXBuildFile; fileRef = 15A8837416307A7100671CDC /* particle_mgr.nut */; };
		15A8837716307AF700671CDC /* particle_emitter.nut in Resources */ = {isa = PBXBuildFile; fileRef = 15A8837616307AF700671CDC /* particle_emitter.nut */; };
		15AD3F0E1623497A004CB184 /* skydome.pvr in Resources */ = {isa = PBXBuildFile; fileRef = 15AD3F0D1623497A004CB184 /* skydome.pvr */; };
		15AD3F1D16236879004CB184 /* building_02.mdl in Resources */ = {isa = PBXBuildFile; fileRef = 15AD3F1816236879004CB184 /* building_02.mdl */; };
		15AD3F1E16236879004CB184 /* building_03.mdl in Resources */ = {isa = PBXBuildFile; fileRef = 15AD3F1916236879004CB184 /* building_03.mdl */; };
		15AD3F1F16236879004CB184 /* building_04.mdl in Resources */ = {isa = PBXBuildFile; fileRef = 15AD3F1A16236879004CB184 /* building_04.mdl */; };
		15AD3F2016236879004CB184 /* building_05.mdl in Resources */ = {isa = PBXBuildFile; fileRef = 15AD3F1B16236879004CB184 /* building_05.mdl */; };
		15AD3F2116236879004CB184 /* building_06.mdl in Resources */ = {isa = PBXBuildFile; fileRef = 15AD3F1C16236879004CB184 /* building_06.mdl */; };
		2155D7C5163863BC0012D346 /* fire.pvr in Resources */ = {isa = PBXBuildFile; fileRef = 2155D7C4163863BC0012D346 /* fire.pvr */; };
		2155D7CB163867BC0012D346 /* ocean_riple.pvr in Resources */ = {isa = PBXBuildFile; fileRef = 2155D7CA163867BC0012D346 /* ocean_riple.pvr */; };
		A40A97B81642CCE400424B76 /* Settings.bundle in Resources */ = {isa = PBXBuildFile; fileRef = A40A97B71642CCE300424B76 /* Settings.bundle */; };
		A40C5A77162585FF00120D76 /* Scene_01.nut in Resources */ = {isa = PBXBuildFile; fileRef = A40C5A76162585FF00120D76 /* Scene_01.nut */; };
		A425F7411675E770005A4A7D /* particle_emitter_fire.xml in Resources */ = {isa = PBXBuildFile; fileRef = A425F7401675E770005A4A7D /* particle_emitter_fire.xml */; };
		A42E9B3B1677402700974C71 /* building_01.xml in Resources */ = {isa = PBXBuildFile; fileRef = A42E9B3A1677402700974C71 /* building_01.xml */; };
		A42E9B4C1677631100974C71 /* ocean.xml in Resources */ = {isa = PBXBuildFile; fileRef = A42E9B4B1677631100974C71 /* ocean.xml */; };
		A42F81E7160CC1D300453D28 /* QuartzCore.framework in Frameworks */ = {isa = PBXBuildFile; fileRef = A42F81E6160CC1D300453D28 /* QuartzCore.framework */; };
		A44301931678D639004D941C /* skydome.xml in Resources */ = {isa = PBXBuildFile; fileRef = A44301921678D639004D941C /* skydome.xml */; };
		A494C0DC163AA63700E8BCF6 /* laser.caf in Resources */ = {isa = PBXBuildFile; fileRef = A494C0D9163AA63700E8BCF6 /* laser.caf */; };
		A494C0DD163AA63700E8BCF6 /* music.mp3 in Resources */ = {isa = PBXBuildFile; fileRef = A494C0DA163AA63700E8BCF6 /* music.mp3 */; };
		A494C0DE163AA63700E8BCF6 /* photon.caf in Resources */ = {isa = PBXBuildFile; fileRef = A494C0DB163AA63700E8BCF6 /* photon.caf */; };
		A494C0E0163AA73C00E8BCF6 /* AVFoundation.framework in Frameworks */ = {isa = PBXBuildFile; fileRef = A494C0DF163AA73C00E8BCF6 /* AVFoundation.framework */; };
		A494C0E2163AA74300E8BCF6 /* CoreAudio.framework in Frameworks */ = {isa = PBXBuildFile; fileRef = A494C0E1163AA74300E8BCF6 /* CoreAudio.framework */; };
		A494C0E4163AA74900E8BCF6 /* OpenAL.framework in Frameworks */ = {isa = PBXBuildFile; fileRef = A494C0E3163AA74900E8BCF6 /* OpenAL.framework */; };
		A494C0E6163AA7F000E8BCF6 /* AudioToolbox.framework in Frameworks */ = {isa = PBXBuildFile; fileRef = A494C0E5163AA7F000E8BCF6 /* AudioToolbox.framework */; };
		A4ADF475160B6FE4000D6A0A /* UIKit.framework in Frameworks */ = {isa = PBXBuildFile; fileRef = A4ADF474160B6FE4000D6A0A /* UIKit.framework */; };
		A4ADF477160B6FE4000D6A0A /* Foundation.framework in Frameworks */ = {isa = PBXBuildFile; fileRef = A4ADF476160B6FE4000D6A0A /* Foundation.framework */; };
		A4ADF479160B6FE4000D6A0A /* CoreGraphics.framework in Frameworks */ = {isa = PBXBuildFile; fileRef = A4ADF478160B6FE4000D6A0A /* CoreGraphics.framework */; };
		A4ADF47F160B6FE4000D6A0A /* InfoPlist.strings in Resources */ = {isa = PBXBuildFile; fileRef = A4ADF47D160B6FE4000D6A0A /* InfoPlist.strings */; };
		A4ADF481160B6FE4000D6A0A /* main.m in Sources */ = {isa = PBXBuildFile; fileRef = A4ADF480160B6FE4000D6A0A /* main.m */; };
		A4ADF4EF160B71C1000D6A0A /* libiGaiaCore.a in Frameworks */ = {isa = PBXBuildFile; fileRef = A4ADF4EB160B70E4000D6A0A /* libiGaiaCore.a */; };
		A4ADF4FB160B71DB000D6A0A /* OpenGLES.framework in Frameworks */ = {isa = PBXBuildFile; fileRef = A4ADF4FA160B71DB000D6A0A /* OpenGLES.framework */; };
		A4D1B2921642C2B800FA3BE5 /* iGaiaRootViewController.mm in Sources */ = {isa = PBXBuildFile; fileRef = A4D1B2901642C2B800FA3BE5 /* iGaiaRootViewController.mm */; };
		A4D1B2931642C2B800FA3BE5 /* iGaiaRootViewController.xib in Resources */ = {isa = PBXBuildFile; fileRef = A4D1B2911642C2B800FA3BE5 /* iGaiaRootViewController.xib */; };
		A4D1F071160C43D7005307F4 /* AppDelegate.mm in Sources */ = {isa = PBXBuildFile; fileRef = A4D1F06A160C43D7005307F4 /* AppDelegate.mm */; };
		A4D1F072160C43D7005307F4 /* FirstViewController.mm in Sources */ = {isa = PBXBuildFile; fileRef = A4D1F06C160C43D7005307F4 /* FirstViewController.mm */; };
		A4D1F073160C43D7005307F4 /* FirstViewController.xib in Resources */ = {isa = PBXBuildFile; fileRef = A4D1F06D160C43D7005307F4 /* FirstViewController.xib */; };
		A4D1F074160C43D7005307F4 /* SecondViewController.mm in Sources */ = {isa = PBXBuildFile; fileRef = A4D1F06F160C43D7005307F4 /* SecondViewController.mm */; };
		A4D1F075160C43D7005307F4 /* SecondViewController.xib in Resources */ = {isa = PBXBuildFile; fileRef = A4D1F070160C43D7005307F4 /* SecondViewController.xib */; };
		A4D1F07E160C43FC005307F4 /* Default-568h@2x.png in Resources */ = {isa = PBXBuildFile; fileRef = A4D1F077160C43FC005307F4 /* Default-568h@2x.png */; };
		A4D1F07F160C43FC005307F4 /* Default.png in Resources */ = {isa = PBXBuildFile; fileRef = A4D1F078160C43FC005307F4 /* Default.png */; };
		A4D1F080160C43FC005307F4 /* Default@2x.png in Resources */ = {isa = PBXBuildFile; fileRef = A4D1F079160C43FC005307F4 /* Default@2x.png */; };
		A4D1F081160C43FC005307F4 /* first.png in Resources */ = {isa = PBXBuildFile; fileRef = A4D1F07A160C43FC005307F4 /* first.png */; };
		A4D1F082160C43FC005307F4 /* first@2x.png in Resources */ = {isa = PBXBuildFile; fileRef = A4D1F07B160C43FC005307F4 /* first@2x.png */; };
		A4D1F083160C43FC005307F4 /* second.png in Resources */ = {isa = PBXBuildFile; fileRef = A4D1F07C160C43FC005307F4 /* second.png */; };
		A4D1F084160C43FC005307F4 /* second@2x.png in Resources */ = {isa = PBXBuildFile; fileRef = A4D1F07D160C43FC005307F4 /* second@2x.png */; };
		A4D1F0F5160C6B8B005307F4 /* default.pvr in Resources */ = {isa = PBXBuildFile; fileRef = A4D1F0F4160C6B8B005307F4 /* default.pvr */; };
		A4D1F0FB160C7231005307F4 /* building_01.mdl in Resources */ = {isa = PBXBuildFile; fileRef = A4D1F0FA160C7231005307F4 /* building_01.mdl */; };
		A4D4DE761626C85100B1959F /* shape3d.nut in Resources */ = {isa = PBXBuildFile; fileRef = A4D4DE741626C85100B1959F /* shape3d.nut */; };
		A4D4DE771626C85100B1959F /* vector3d.nut in Resources */ = {isa = PBXBuildFile; fileRef = A4D4DE751626C85100B1959F /* vector3d.nut */; };
		A4D4DE791626C98200B1959F /* constants.nut in Resources */ = {isa = PBXBuildFile; fileRef = A4D4DE781626C98200B1959F /* constants.nut */; };
/* End PBXBuildFile section */

/* Begin PBXContainerItemProxy section */
		A4ADF4EA160B70E4000D6A0A /* PBXContainerItemProxy */ = {
			isa = PBXContainerItemProxy;
			containerPortal = A4ADF4CC160B70E3000D6A0A /* iGaiaCore.xcodeproj */;
			proxyType = 2;
			remoteGlobalIDString = A45F6109160327D2005B10A3;
			remoteInfo = iGaiaCore;
		};
		A4ADF4ED160B70F6000D6A0A /* PBXContainerItemProxy */ = {
			isa = PBXContainerItemProxy;
			containerPortal = A4ADF4CC160B70E3000D6A0A /* iGaiaCore.xcodeproj */;
			proxyType = 1;
			remoteGlobalIDString = A45F6108160327D1005B10A3;
			remoteInfo = iGaiaCore;
		};
/* End PBXContainerItemProxy section */

/* Begin PBXFileReference section */
		15A88359162DF25D00671CDC /* fire_visual_effect.nut */ = {isa = PBXFileReference; fileEncoding = 4; lastKnownFileType = text; path = fire_visual_effect.nut; sourceTree = "<group>"; };
		15A88364163074F400671CDC /* common.nut */ = {isa = PBXFileReference; fileEncoding = 4; lastKnownFileType = text; path = common.nut; sourceTree = "<group>"; };
		15A88365163074F400671CDC /* vector2d.nut */ = {isa = PBXFileReference; fileEncoding = 4; lastKnownFileType = text; path = vector2d.nut; sourceTree = "<group>"; };
		15A88366163074F400671CDC /* vector4d.nut */ = {isa = PBXFileReference; fileEncoding = 4; lastKnownFileType = text; path = vector4d.nut; sourceTree = "<group>"; };
		15A8837416307A7100671CDC /* particle_mgr.nut */ = {isa = PBXFileReference; fileEncoding = 4; lastKnownFileType = text; path = particle_mgr.nut; sourceTree = "<group>"; };
		15A8837616307AF700671CDC /* particle_emitter.nut */ = {isa = PBXFileReference; fileEncoding = 4; lastKnownFileType = text; path = particle_emitter.nut; sourceTree = "<group>"; };
		15AD3F0D1623497A004CB184 /* skydome.pvr */ = {isa = PBXFileReference; lastKnownFileType = file; path = skydome.pvr; sourceTree = "<group>"; };
		15AD3F1816236879004CB184 /* building_02.mdl */ = {isa = PBXFileReference; lastKnownFileType = file; path = building_02.mdl; sourceTree = "<group>"; };
		15AD3F1916236879004CB184 /* building_03.mdl */ = {isa = PBXFileReference; lastKnownFileType = file; path = building_03.mdl; sourceTree = "<group>"; };
		15AD3F1A16236879004CB184 /* building_04.mdl */ = {isa = PBXFileReference; lastKnownFileType = file; path = building_04.mdl; sourceTree = "<group>"; };
		15AD3F1B16236879004CB184 /* building_05.mdl */ = {isa = PBXFileReference; lastKnownFileType = file; path = building_05.mdl; sourceTree = "<group>"; };
		15AD3F1C16236879004CB184 /* building_06.mdl */ = {isa = PBXFileReference; lastKnownFileType = file; path = building_06.mdl; sourceTree = "<group>"; };
		2155D7C4163863BC0012D346 /* fire.pvr */ = {isa = PBXFileReference; lastKnownFileType = file; path = fire.pvr; sourceTree = "<group>"; };
		2155D7CA163867BC0012D346 /* ocean_riple.pvr */ = {isa = PBXFileReference; lastKnownFileType = file; path = ocean_riple.pvr; sourceTree = "<group>"; };
		A40A97B71642CCE300424B76 /* Settings.bundle */ = {isa = PBXFileReference; lastKnownFileType = "wrapper.plug-in"; path = Settings.bundle; sourceTree = "<group>"; };
		A40C5A76162585FF00120D76 /* Scene_01.nut */ = {isa = PBXFileReference; fileEncoding = 4; lastKnownFileType = text; path = Scene_01.nut; sourceTree = "<group>"; };
		A425F7401675E770005A4A7D /* particle_emitter_fire.xml */ = {isa = PBXFileReference; fileEncoding = 4; lastKnownFileType = text.xml; path = particle_emitter_fire.xml; sourceTree = "<group>"; };
		A42E9B3A1677402700974C71 /* building_01.xml */ = {isa = PBXFileReference; fileEncoding = 4; lastKnownFileType = text.xml; path = building_01.xml; sourceTree = "<group>"; };
		A42E9B4B1677631100974C71 /* ocean.xml */ = {isa = PBXFileReference; fileEncoding = 4; lastKnownFileType = text.xml; path = ocean.xml; sourceTree = "<group>"; };
		A42F81E6160CC1D300453D28 /* QuartzCore.framework */ = {isa = PBXFileReference; lastKnownFileType = wrapper.framework; name = QuartzCore.framework; path = System/Library/Frameworks/QuartzCore.framework; sourceTree = SDKROOT; };
		A44301921678D639004D941C /* skydome.xml */ = {isa = PBXFileReference; fileEncoding = 4; lastKnownFileType = text.xml; path = skydome.xml; sourceTree = "<group>"; };
		A494C0D9163AA63700E8BCF6 /* laser.caf */ = {isa = PBXFileReference; lastKnownFileType = file; path = laser.caf; sourceTree = "<group>"; };
		A494C0DA163AA63700E8BCF6 /* music.mp3 */ = {isa = PBXFileReference; lastKnownFileType = audio.mp3; path = music.mp3; sourceTree = "<group>"; };
		A494C0DB163AA63700E8BCF6 /* photon.caf */ = {isa = PBXFileReference; lastKnownFileType = file; path = photon.caf; sourceTree = "<group>"; };
		A494C0DF163AA73C00E8BCF6 /* AVFoundation.framework */ = {isa = PBXFileReference; lastKnownFileType = wrapper.framework; name = AVFoundation.framework; path = System/Library/Frameworks/AVFoundation.framework; sourceTree = SDKROOT; };
		A494C0E1163AA74300E8BCF6 /* CoreAudio.framework */ = {isa = PBXFileReference; lastKnownFileType = wrapper.framework; name = CoreAudio.framework; path = System/Library/Frameworks/CoreAudio.framework; sourceTree = SDKROOT; };
		A494C0E3163AA74900E8BCF6 /* OpenAL.framework */ = {isa = PBXFileReference; lastKnownFileType = wrapper.framework; name = OpenAL.framework; path = System/Library/Frameworks/OpenAL.framework; sourceTree = SDKROOT; };
		A494C0E5163AA7F000E8BCF6 /* AudioToolbox.framework */ = {isa = PBXFileReference; lastKnownFileType = wrapper.framework; name = AudioToolbox.framework; path = System/Library/Frameworks/AudioToolbox.framework; sourceTree = SDKROOT; };
		A4ADF470160B6FE4000D6A0A /* iGaiaSample.01.app */ = {isa = PBXFileReference; explicitFileType = wrapper.application; includeInIndex = 0; path = iGaiaSample.01.app; sourceTree = BUILT_PRODUCTS_DIR; };
		A4ADF474160B6FE4000D6A0A /* UIKit.framework */ = {isa = PBXFileReference; lastKnownFileType = wrapper.framework; name = UIKit.framework; path = System/Library/Frameworks/UIKit.framework; sourceTree = SDKROOT; };
		A4ADF476160B6FE4000D6A0A /* Foundation.framework */ = {isa = PBXFileReference; lastKnownFileType = wrapper.framework; name = Foundation.framework; path = System/Library/Frameworks/Foundation.framework; sourceTree = SDKROOT; };
		A4ADF478160B6FE4000D6A0A /* CoreGraphics.framework */ = {isa = PBXFileReference; lastKnownFileType = wrapper.framework; name = CoreGraphics.framework; path = System/Library/Frameworks/CoreGraphics.framework; sourceTree = SDKROOT; };
		A4ADF47C160B6FE4000D6A0A /* iGaiaSample.01-Info.plist */ = {isa = PBXFileReference; lastKnownFileType = text.plist.xml; path = "iGaiaSample.01-Info.plist"; sourceTree = "<group>"; };
		A4ADF47E160B6FE4000D6A0A /* en */ = {isa = PBXFileReference; lastKnownFileType = text.plist.strings; name = en; path = en.lproj/InfoPlist.strings; sourceTree = "<group>"; };
		A4ADF480160B6FE4000D6A0A /* main.m */ = {isa = PBXFileReference; lastKnownFileType = sourcecode.c.objc; path = main.m; sourceTree = "<group>"; };
		A4ADF482160B6FE4000D6A0A /* iGaiaSample.01-Prefix.pch */ = {isa = PBXFileReference; lastKnownFileType = sourcecode.c.h; path = "iGaiaSample.01-Prefix.pch"; sourceTree = "<group>"; };
		A4ADF4CC160B70E3000D6A0A /* iGaiaCore.xcodeproj */ = {isa = PBXFileReference; lastKnownFileType = "wrapper.pb-project"; name = iGaiaCore.xcodeproj; path = ../../iGaiaCore/iGaiaCore.xcodeproj; sourceTree = "<group>"; };
		A4ADF4FA160B71DB000D6A0A /* OpenGLES.framework */ = {isa = PBXFileReference; lastKnownFileType = wrapper.framework; name = OpenGLES.framework; path = System/Library/Frameworks/OpenGLES.framework; sourceTree = SDKROOT; };
		A4D1B28F1642C2B800FA3BE5 /* iGaiaRootViewController.h */ = {isa = PBXFileReference; fileEncoding = 4; lastKnownFileType = sourcecode.c.h; path = iGaiaRootViewController.h; sourceTree = "<group>"; };
		A4D1B2901642C2B800FA3BE5 /* iGaiaRootViewController.mm */ = {isa = PBXFileReference; fileEncoding = 4; lastKnownFileType = sourcecode.cpp.objcpp; path = iGaiaRootViewController.mm; sourceTree = "<group>"; };
		A4D1B2911642C2B800FA3BE5 /* iGaiaRootViewController.xib */ = {isa = PBXFileReference; fileEncoding = 4; lastKnownFileType = file.xib; path = iGaiaRootViewController.xib; sourceTree = "<group>"; };
		A4D1F069160C43D7005307F4 /* AppDelegate.h */ = {isa = PBXFileReference; fileEncoding = 4; lastKnownFileType = sourcecode.c.h; path = AppDelegate.h; sourceTree = "<group>"; };
		A4D1F06A160C43D7005307F4 /* AppDelegate.mm */ = {isa = PBXFileReference; fileEncoding = 4; lastKnownFileType = sourcecode.cpp.objcpp; path = AppDelegate.mm; sourceTree = "<group>"; };
		A4D1F06B160C43D7005307F4 /* FirstViewController.h */ = {isa = PBXFileReference; fileEncoding = 4; lastKnownFileType = sourcecode.c.h; path = FirstViewController.h; sourceTree = "<group>"; };
		A4D1F06C160C43D7005307F4 /* FirstViewController.mm */ = {isa = PBXFileReference; fileEncoding = 4; lastKnownFileType = sourcecode.cpp.objcpp; path = FirstViewController.mm; sourceTree = "<group>"; };
		A4D1F06D160C43D7005307F4 /* FirstViewController.xib */ = {isa = PBXFileReference; fileEncoding = 4; lastKnownFileType = file.xib; path = FirstViewController.xib; sourceTree = "<group>"; };
		A4D1F06E160C43D7005307F4 /* SecondViewController.h */ = {isa = PBXFileReference; fileEncoding = 4; lastKnownFileType = sourcecode.c.h; path = SecondViewController.h; sourceTree = "<group>"; };
		A4D1F06F160C43D7005307F4 /* SecondViewController.mm */ = {isa = PBXFileReference; fileEncoding = 4; lastKnownFileType = sourcecode.cpp.objcpp; path = SecondViewController.mm; sourceTree = "<group>"; };
		A4D1F070160C43D7005307F4 /* SecondViewController.xib */ = {isa = PBXFileReference; fileEncoding = 4; lastKnownFileType = file.xib; path = SecondViewController.xib; sourceTree = "<group>"; };
		A4D1F077160C43FC005307F4 /* Default-568h@2x.png */ = {isa = PBXFileReference; lastKnownFileType = image.png; path = "Default-568h@2x.png"; sourceTree = "<group>"; };
		A4D1F078160C43FC005307F4 /* Default.png */ = {isa = PBXFileReference; lastKnownFileType = image.png; path = Default.png; sourceTree = "<group>"; };
		A4D1F079160C43FC005307F4 /* Default@2x.png */ = {isa = PBXFileReference; lastKnownFileType = image.png; path = "Default@2x.png"; sourceTree = "<group>"; };
		A4D1F07A160C43FC005307F4 /* first.png */ = {isa = PBXFileReference; lastKnownFileType = image.png; path = first.png; sourceTree = "<group>"; };
		A4D1F07B160C43FC005307F4 /* first@2x.png */ = {isa = PBXFileReference; lastKnownFileType = image.png; path = "first@2x.png"; sourceTree = "<group>"; };
		A4D1F07C160C43FC005307F4 /* second.png */ = {isa = PBXFileReference; lastKnownFileType = image.png; path = second.png; sourceTree = "<group>"; };
		A4D1F07D160C43FC005307F4 /* second@2x.png */ = {isa = PBXFileReference; lastKnownFileType = image.png; path = "second@2x.png"; sourceTree = "<group>"; };
		A4D1F0F4160C6B8B005307F4 /* default.pvr */ = {isa = PBXFileReference; lastKnownFileType = file; path = default.pvr; sourceTree = "<group>"; };
		A4D1F0FA160C7231005307F4 /* building_01.mdl */ = {isa = PBXFileReference; lastKnownFileType = file; path = building_01.mdl; sourceTree = "<group>"; };
		A4D4DE741626C85100B1959F /* shape3d.nut */ = {isa = PBXFileReference; fileEncoding = 4; lastKnownFileType = text; path = shape3d.nut; sourceTree = "<group>"; };
		A4D4DE751626C85100B1959F /* vector3d.nut */ = {isa = PBXFileReference; fileEncoding = 4; lastKnownFileType = text; path = vector3d.nut; sourceTree = "<group>"; };
		A4D4DE781626C98200B1959F /* constants.nut */ = {isa = PBXFileReference; fileEncoding = 4; lastKnownFileType = text; path = constants.nut; sourceTree = "<group>"; };
/* End PBXFileReference section */

/* Begin PBXFrameworksBuildPhase section */
		A4ADF46D160B6FE4000D6A0A /* Frameworks */ = {
			isa = PBXFrameworksBuildPhase;
			buildActionMask = 2147483647;
			files = (
				A494C0E6163AA7F000E8BCF6 /* AudioToolbox.framework in Frameworks */,
				A494C0E4163AA74900E8BCF6 /* OpenAL.framework in Frameworks */,
				A494C0E2163AA74300E8BCF6 /* CoreAudio.framework in Frameworks */,
				A494C0E0163AA73C00E8BCF6 /* AVFoundation.framework in Frameworks */,
				A4ADF4EF160B71C1000D6A0A /* libiGaiaCore.a in Frameworks */,
				A4ADF475160B6FE4000D6A0A /* UIKit.framework in Frameworks */,
				A4ADF477160B6FE4000D6A0A /* Foundation.framework in Frameworks */,
				A4ADF479160B6FE4000D6A0A /* CoreGraphics.framework in Frameworks */,
				A4ADF4FB160B71DB000D6A0A /* OpenGLES.framework in Frameworks */,
				A42F81E7160CC1D300453D28 /* QuartzCore.framework in Frameworks */,
			);
			runOnlyForDeploymentPostprocessing = 0;
		};
/* End PBXFrameworksBuildPhase section */

/* Begin PBXGroup section */
		15A8835F162DFBDA00671CDC /* Common */ = {
			isa = PBXGroup;
			children = (
				15A88364163074F400671CDC /* common.nut */,
				A4D4DE781626C98200B1959F /* constants.nut */,
				15A88365163074F400671CDC /* vector2d.nut */,
				A4D4DE751626C85100B1959F /* vector3d.nut */,
				15A88366163074F400671CDC /* vector4d.nut */,
			);
			name = Common;
			sourceTree = "<group>";
		};
		15A88360162DFBE200671CDC /* Scene */ = {
			isa = PBXGroup;
			children = (
				A4D4DE741626C85100B1959F /* shape3d.nut */,
				A40C5A76162585FF00120D76 /* Scene_01.nut */,
			);
			name = Scene;
			sourceTree = "<group>";
		};
		15A88361162DFBEC00671CDC /* ParticleEngine */ = {
			isa = PBXGroup;
			children = (
				15A8836A16307A3600671CDC /* visual_effects */,
				15A8837616307AF700671CDC /* particle_emitter.nut */,
				15A8837416307A7100671CDC /* particle_mgr.nut */,
			);
			name = ParticleEngine;
			sourceTree = "<group>";
		};
		15A8836A16307A3600671CDC /* visual_effects */ = {
			isa = PBXGroup;
			children = (
				15A88359162DF25D00671CDC /* fire_visual_effect.nut */,
			);
			name = visual_effects;
			sourceTree = "<group>";
		};
		A494C0D8163AA62B00E8BCF6 /* Sounds */ = {
			isa = PBXGroup;
			children = (
				A494C0D9163AA63700E8BCF6 /* laser.caf */,
				A494C0DA163AA63700E8BCF6 /* music.mp3 */,
				A494C0DB163AA63700E8BCF6 /* photon.caf */,
			);
			name = Sounds;
			sourceTree = "<group>";
		};
		A4ADF465160B6FE4000D6A0A = {
			isa = PBXGroup;
			children = (
				A4ADF4CC160B70E3000D6A0A /* iGaiaCore.xcodeproj */,
				A4ADF47A160B6FE4000D6A0A /* iGaiaSample.01 */,
				A4ADF473160B6FE4000D6A0A /* Frameworks */,
				A4D1F076160C43FC005307F4 /* Resources */,
				A4ADF471160B6FE4000D6A0A /* Products */,
			);
			sourceTree = "<group>";
		};
		A4ADF471160B6FE4000D6A0A /* Products */ = {
			isa = PBXGroup;
			children = (
				A4ADF470160B6FE4000D6A0A /* iGaiaSample.01.app */,
			);
			name = Products;
			sourceTree = "<group>";
		};
		A4ADF473160B6FE4000D6A0A /* Frameworks */ = {
			isa = PBXGroup;
			children = (
				A494C0E5163AA7F000E8BCF6 /* AudioToolbox.framework */,
				A494C0E3163AA74900E8BCF6 /* OpenAL.framework */,
				A494C0E1163AA74300E8BCF6 /* CoreAudio.framework */,
				A494C0DF163AA73C00E8BCF6 /* AVFoundation.framework */,
				A42F81E6160CC1D300453D28 /* QuartzCore.framework */,
				A4ADF4FA160B71DB000D6A0A /* OpenGLES.framework */,
				A4ADF474160B6FE4000D6A0A /* UIKit.framework */,
				A4ADF476160B6FE4000D6A0A /* Foundation.framework */,
				A4ADF478160B6FE4000D6A0A /* CoreGraphics.framework */,
			);
			name = Frameworks;
			sourceTree = "<group>";
		};
		A4ADF47A160B6FE4000D6A0A /* iGaiaSample.01 */ = {
			isa = PBXGroup;
			children = (
				A4D1F068160C43D7005307F4 /* Classes */,
				A4ADF47B160B6FE4000D6A0A /* Supporting Files */,
			);
			path = iGaiaSample.01;
			sourceTree = "<group>";
		};
		A4ADF47B160B6FE4000D6A0A /* Supporting Files */ = {
			isa = PBXGroup;
			children = (
				A4ADF47C160B6FE4000D6A0A /* iGaiaSample.01-Info.plist */,
				A4ADF47D160B6FE4000D6A0A /* InfoPlist.strings */,
				A4ADF480160B6FE4000D6A0A /* main.m */,
				A4ADF482160B6FE4000D6A0A /* iGaiaSample.01-Prefix.pch */,
			);
			name = "Supporting Files";
			sourceTree = "<group>";
		};
		A4ADF4CD160B70E3000D6A0A /* Products */ = {
			isa = PBXGroup;
			children = (
				A4ADF4EB160B70E4000D6A0A /* libiGaiaCore.a */,
			);
			name = Products;
			sourceTree = "<group>";
		};
		A4D1B28C1642C23300FA3BE5 /* ViewControllers */ = {
			isa = PBXGroup;
			children = (
				A4D1B28F1642C2B800FA3BE5 /* iGaiaRootViewController.h */,
				A4D1B2901642C2B800FA3BE5 /* iGaiaRootViewController.mm */,
				A4D1B2911642C2B800FA3BE5 /* iGaiaRootViewController.xib */,
			);
			name = ViewControllers;
			sourceTree = "<group>";
		};
		A4D1B28D1642C24200FA3BE5 /* Views */ = {
			isa = PBXGroup;
			children = (
			);
			name = Views;
			sourceTree = "<group>";
		};
		A4D1B28E1642C24800FA3BE5 /* Model */ = {
			isa = PBXGroup;
			children = (
			);
			name = Model;
			sourceTree = "<group>";
		};
		A4D1F068160C43D7005307F4 /* Classes */ = {
			isa = PBXGroup;
			children = (
				A4D1B28E1642C24800FA3BE5 /* Model */,
				A4D1B28D1642C24200FA3BE5 /* Views */,
				A4D1B28C1642C23300FA3BE5 /* ViewControllers */,
				A4D1F069160C43D7005307F4 /* AppDelegate.h */,
				A4D1F06A160C43D7005307F4 /* AppDelegate.mm */,
				A4D1F06B160C43D7005307F4 /* FirstViewController.h */,
				A4D1F06C160C43D7005307F4 /* FirstViewController.mm */,
				A4D1F06D160C43D7005307F4 /* FirstViewController.xib */,
				A4D1F06E160C43D7005307F4 /* SecondViewController.h */,
				A4D1F06F160C43D7005307F4 /* SecondViewController.mm */,
				A4D1F070160C43D7005307F4 /* SecondViewController.xib */,
			);
			path = Classes;
			sourceTree = "<group>";
		};
		A4D1F076160C43FC005307F4 /* Resources */ = {
			isa = PBXGroup;
			children = (
				A44301921678D639004D941C /* skydome.xml */,
				A42E9B4B1677631100974C71 /* ocean.xml */,
				A42E9B3A1677402700974C71 /* building_01.xml */,
				A425F7401675E770005A4A7D /* particle_emitter_fire.xml */,
				A40A97B71642CCE300424B76 /* Settings.bundle */,
				A494C0D8163AA62B00E8BCF6 /* Sounds */,
				A4D4DE731626C5F800B1959F /* Scripts */,
				15AD3F1816236879004CB184 /* building_02.mdl */,
				15AD3F1916236879004CB184 /* building_03.mdl */,
				15AD3F1A16236879004CB184 /* building_04.mdl */,
				15AD3F1B16236879004CB184 /* building_05.mdl */,
				15AD3F1C16236879004CB184 /* building_06.mdl */,
				15AD3F0D1623497A004CB184 /* skydome.pvr */,
				A4D1F0FA160C7231005307F4 /* building_01.mdl */,
				A4D1F0F4160C6B8B005307F4 /* default.pvr */,
				2155D7C4163863BC0012D346 /* fire.pvr */,
				2155D7CA163867BC0012D346 /* ocean_riple.pvr */,
				A4D1F077160C43FC005307F4 /* Default-568h@2x.png */,
				A4D1F078160C43FC005307F4 /* Default.png */,
				A4D1F079160C43FC005307F4 /* Default@2x.png */,
				A4D1F07A160C43FC005307F4 /* first.png */,
				A4D1F07B160C43FC005307F4 /* first@2x.png */,
				A4D1F07C160C43FC005307F4 /* second.png */,
				A4D1F07D160C43FC005307F4 /* second@2x.png */,
			);
			name = Resources;
			path = iGaiaSample.01/Resources;
			sourceTree = "<group>";
		};
		A4D4DE731626C5F800B1959F /* Scripts */ = {
			isa = PBXGroup;
			children = (
				15A8835F162DFBDA00671CDC /* Common */,
				15A88360162DFBE200671CDC /* Scene */,
				15A88361162DFBEC00671CDC /* ParticleEngine */,
			);
			name = Scripts;
			sourceTree = "<group>";
		};
/* End PBXGroup section */

/* Begin PBXNativeTarget section */
		A4ADF46F160B6FE4000D6A0A /* iGaiaSample.01 */ = {
			isa = PBXNativeTarget;
			buildConfigurationList = A4ADF4A2160B6FE5000D6A0A /* Build configuration list for PBXNativeTarget "iGaiaSample.01" */;
			buildPhases = (
				A4ADF46C160B6FE4000D6A0A /* Sources */,
				A4ADF46D160B6FE4000D6A0A /* Frameworks */,
				A4ADF46E160B6FE4000D6A0A /* Resources */,
			);
			buildRules = (
			);
			dependencies = (
				A4ADF4EE160B70F6000D6A0A /* PBXTargetDependency */,
			);
			name = iGaiaSample.01;
			productName = iGaiaSample.01;
			productReference = A4ADF470160B6FE4000D6A0A /* iGaiaSample.01.app */;
			productType = "com.apple.product-type.application";
		};
/* End PBXNativeTarget section */

/* Begin PBXProject section */
		A4ADF467160B6FE4000D6A0A /* Project object */ = {
			isa = PBXProject;
			attributes = {
				LastUpgradeCheck = 0450;
				ORGANIZATIONNAME = "Sergey Sergeev";
			};
			buildConfigurationList = A4ADF46A160B6FE4000D6A0A /* Build configuration list for PBXProject "iGaiaSample.01" */;
			compatibilityVersion = "Xcode 3.2";
			developmentRegion = English;
			hasScannedForEncodings = 0;
			knownRegions = (
				en,
			);
			mainGroup = A4ADF465160B6FE4000D6A0A;
			productRefGroup = A4ADF471160B6FE4000D6A0A /* Products */;
			projectDirPath = "";
			projectReferences = (
				{
					ProductGroup = A4ADF4CD160B70E3000D6A0A /* Products */;
					ProjectRef = A4ADF4CC160B70E3000D6A0A /* iGaiaCore.xcodeproj */;
				},
			);
			projectRoot = "";
			targets = (
				A4ADF46F160B6FE4000D6A0A /* iGaiaSample.01 */,
			);
		};
/* End PBXProject section */

/* Begin PBXReferenceProxy section */
		A4ADF4EB160B70E4000D6A0A /* libiGaiaCore.a */ = {
			isa = PBXReferenceProxy;
			fileType = archive.ar;
			path = libiGaiaCore.a;
			remoteRef = A4ADF4EA160B70E4000D6A0A /* PBXContainerItemProxy */;
			sourceTree = BUILT_PRODUCTS_DIR;
		};
/* End PBXReferenceProxy section */

/* Begin PBXResourcesBuildPhase section */
		A4ADF46E160B6FE4000D6A0A /* Resources */ = {
			isa = PBXResourcesBuildPhase;
			buildActionMask = 2147483647;
			files = (
				A4ADF47F160B6FE4000D6A0A /* InfoPlist.strings in Resources */,
				A4D1F073160C43D7005307F4 /* FirstViewController.xib in Resources */,
				A4D1F075160C43D7005307F4 /* SecondViewController.xib in Resources */,
				A4D1F07E160C43FC005307F4 /* Default-568h@2x.png in Resources */,
				A4D1F07F160C43FC005307F4 /* Default.png in Resources */,
				A4D1F080160C43FC005307F4 /* Default@2x.png in Resources */,
				A4D1F081160C43FC005307F4 /* first.png in Resources */,
				A4D1F082160C43FC005307F4 /* first@2x.png in Resources */,
				A4D1F083160C43FC005307F4 /* second.png in Resources */,
				A4D1F084160C43FC005307F4 /* second@2x.png in Resources */,
				A4D1F0F5160C6B8B005307F4 /* default.pvr in Resources */,
				A4D1F0FB160C7231005307F4 /* building_01.mdl in Resources */,
				15AD3F0E1623497A004CB184 /* skydome.pvr in Resources */,
				15AD3F1D16236879004CB184 /* building_02.mdl in Resources */,
				15AD3F1E16236879004CB184 /* building_03.mdl in Resources */,
				15AD3F1F16236879004CB184 /* building_04.mdl in Resources */,
				15AD3F2016236879004CB184 /* building_05.mdl in Resources */,
				15AD3F2116236879004CB184 /* building_06.mdl in Resources */,
				A40C5A77162585FF00120D76 /* Scene_01.nut in Resources */,
				A4D4DE761626C85100B1959F /* shape3d.nut in Resources */,
				A4D4DE771626C85100B1959F /* vector3d.nut in Resources */,
				A4D4DE791626C98200B1959F /* constants.nut in Resources */,
				15A8835A162DF25D00671CDC /* fire_visual_effect.nut in Resources */,
				15A88367163074F400671CDC /* common.nut in Resources */,
				15A88368163074F400671CDC /* vector2d.nut in Resources */,
				15A88369163074F400671CDC /* vector4d.nut in Resources */,
				15A8837516307A7100671CDC /* particle_mgr.nut in Resources */,
				15A8837716307AF700671CDC /* particle_emitter.nut in Resources */,
				2155D7C5163863BC0012D346 /* fire.pvr in Resources */,
				2155D7CB163867BC0012D346 /* ocean_riple.pvr in Resources */,
				A494C0DC163AA63700E8BCF6 /* laser.caf in Resources */,
				A494C0DD163AA63700E8BCF6 /* music.mp3 in Resources */,
				A494C0DE163AA63700E8BCF6 /* photon.caf in Resources */,
				A4D1B2931642C2B800FA3BE5 /* iGaiaRootViewController.xib in Resources */,
				A40A97B81642CCE400424B76 /* Settings.bundle in Resources */,
				A425F7411675E770005A4A7D /* particle_emitter_fire.xml in Resources */,
				A42E9B3B1677402700974C71 /* building_01.xml in Resources */,
				A42E9B4C1677631100974C71 /* ocean.xml in Resources */,
				A44301931678D639004D941C /* skydome.xml in Resources */,
			);
			runOnlyForDeploymentPostprocessing = 0;
		};
/* End PBXResourcesBuildPhase section */

/* Begin PBXSourcesBuildPhase section */
		A4ADF46C160B6FE4000D6A0A /* Sources */ = {
			isa = PBXSourcesBuildPhase;
			buildActionMask = 2147483647;
			files = (
				A4ADF481160B6FE4000D6A0A /* main.m in Sources */,
				A4D1F071160C43D7005307F4 /* AppDelegate.mm in Sources */,
				A4D1F072160C43D7005307F4 /* FirstViewController.mm in Sources */,
				A4D1F074160C43D7005307F4 /* SecondViewController.mm in Sources */,
				A4D1B2921642C2B800FA3BE5 /* iGaiaRootViewController.mm in Sources */,
			);
			runOnlyForDeploymentPostprocessing = 0;
		};
/* End PBXSourcesBuildPhase section */

/* Begin PBXTargetDependency section */
		A4ADF4EE160B70F6000D6A0A /* PBXTargetDependency */ = {
			isa = PBXTargetDependency;
			name = iGaiaCore;
			targetProxy = A4ADF4ED160B70F6000D6A0A /* PBXContainerItemProxy */;
		};
/* End PBXTargetDependency section */

/* Begin PBXVariantGroup section */
		A4ADF47D160B6FE4000D6A0A /* InfoPlist.strings */ = {
			isa = PBXVariantGroup;
			children = (
				A4ADF47E160B6FE4000D6A0A /* en */,
			);
			name = InfoPlist.strings;
			sourceTree = "<group>";
		};
/* End PBXVariantGroup section */

/* Begin XCBuildConfiguration section */
		A4ADF4A0160B6FE5000D6A0A /* Debug */ = {
			isa = XCBuildConfiguration;
			buildSettings = {
				ALWAYS_SEARCH_USER_PATHS = NO;
				CLANG_CXX_LANGUAGE_STANDARD = "gnu++0x";
				CLANG_CXX_LIBRARY = "libc++";
				CLANG_ENABLE_OBJC_ARC = YES;
				CLANG_WARN_EMPTY_BODY = YES;
				CLANG_WARN__DUPLICATE_METHOD_MATCH = YES;
				"CODE_SIGN_IDENTITY[sdk=iphoneos*]" = "iPhone Developer";
				COPY_PHASE_STRIP = NO;
				GCC_C_LANGUAGE_STANDARD = gnu99;
				GCC_DYNAMIC_NO_PIC = NO;
				GCC_OPTIMIZATION_LEVEL = 0;
				GCC_PREPROCESSOR_DEFINITIONS = (
					"DEBUG=1",
					"$(inherited)",
				);
				GCC_SYMBOLS_PRIVATE_EXTERN = NO;
				GCC_WARN_ABOUT_RETURN_TYPE = YES;
				GCC_WARN_UNINITIALIZED_AUTOS = YES;
				GCC_WARN_UNUSED_VARIABLE = YES;
				IPHONEOS_DEPLOYMENT_TARGET = 6.0;
				SDKROOT = iphoneos;
			};
			name = Debug;
		};
		A4ADF4A1160B6FE5000D6A0A /* Release */ = {
			isa = XCBuildConfiguration;
			buildSettings = {
				ALWAYS_SEARCH_USER_PATHS = NO;
				CLANG_CXX_LANGUAGE_STANDARD = "gnu++0x";
				CLANG_CXX_LIBRARY = "libc++";
				CLANG_ENABLE_OBJC_ARC = YES;
				CLANG_WARN_EMPTY_BODY = YES;
				CLANG_WARN__DUPLICATE_METHOD_MATCH = YES;
				"CODE_SIGN_IDENTITY[sdk=iphoneos*]" = "iPhone Developer";
				COPY_PHASE_STRIP = YES;
				GCC_C_LANGUAGE_STANDARD = gnu99;
				GCC_WARN_ABOUT_RETURN_TYPE = YES;
				GCC_WARN_UNINITIALIZED_AUTOS = YES;
				GCC_WARN_UNUSED_VARIABLE = YES;
				IPHONEOS_DEPLOYMENT_TARGET = 6.0;
				OTHER_CFLAGS = "-DNS_BLOCK_ASSERTIONS=1";
				SDKROOT = iphoneos;
				VALIDATE_PRODUCT = YES;
			};
			name = Release;
		};
		A4ADF4A3160B6FE5000D6A0A /* Debug */ = {
			isa = XCBuildConfiguration;
			buildSettings = {
				ALWAYS_SEARCH_USER_PATHS = YES;
				CLANG_CXX_LANGUAGE_STANDARD = "c++0x";
				CODE_SIGN_IDENTITY = "iPhone Developer";
				"CODE_SIGN_IDENTITY[sdk=iphoneos*]" = "iPhone Developer";
				FRAMEWORK_SEARCH_PATHS = "/System/Library/Frameworks/Python.framework/Versions/2.7/**";
				GCC_C_LANGUAGE_STANDARD = "compiler-default";
				GCC_PRECOMPILE_PREFIX_HEADER = YES;
				GCC_PREFIX_HEADER = "iGaiaSample.01/iGaiaSample.01-Prefix.pch";
				HEADER_SEARCH_PATHS = "\"$(SRCROOT)/../../iGaiaCore\"/**";
				INFOPLIST_FILE = "iGaiaSample.01/iGaiaSample.01-Info.plist";
				IPHONEOS_DEPLOYMENT_TARGET = 5.0;
				LIBRARY_SEARCH_PATHS = (
					"/System/Library/Frameworks/Python.framework/Versions/2.7/lib/python2.7/**",
					"\"$(SYSTEM_LIBRARY_DIR)/Frameworks/Python.framework/Versions/2.7\"",
				);
				OTHER_LDFLAGS = "-ObjC";
				PRODUCT_NAME = "$(TARGET_NAME)";
				PROVISIONING_PROFILE = "";
				"PROVISIONING_PROFILE[sdk=iphoneos*]" = "";
				WRAPPER_EXTENSION = app;
			};
			name = Debug;
		};
		A4ADF4A4160B6FE5000D6A0A /* Release */ = {
			isa = XCBuildConfiguration;
			buildSettings = {
				ALWAYS_SEARCH_USER_PATHS = YES;
				CLANG_CXX_LANGUAGE_STANDARD = "c++0x";
				CODE_SIGN_IDENTITY = "iPhone Distribution";
				"CODE_SIGN_IDENTITY[sdk=iphoneos*]" = "iPhone Distribution";
				FRAMEWORK_SEARCH_PATHS = "/System/Library/Frameworks/Python.framework/Versions/2.7/**";
				GCC_C_LANGUAGE_STANDARD = "compiler-default";
				GCC_PRECOMPILE_PREFIX_HEADER = YES;
				GCC_PREFIX_HEADER = "iGaiaSample.01/iGaiaSample.01-Prefix.pch";
				HEADER_SEARCH_PATHS = "\"$(SRCROOT)/../../iGaiaCore\"/**";
				INFOPLIST_FILE = "iGaiaSample.01/iGaiaSample.01-Info.plist";
				IPHONEOS_DEPLOYMENT_TARGET = 5.0;
				LIBRARY_SEARCH_PATHS = (
					"/System/Library/Frameworks/Python.framework/Versions/2.7/lib/python2.7/**",
					"\"$(SYSTEM_LIBRARY_DIR)/Frameworks/Python.framework/Versions/2.7\"",
				);
				OTHER_LDFLAGS = "-ObjC";
				PRODUCT_NAME = "$(TARGET_NAME)";
				PROVISIONING_PROFILE = "";
				"PROVISIONING_PROFILE[sdk=iphoneos*]" = "";
				WRAPPER_EXTENSION = app;
			};
			name = Release;
		};
/* End XCBuildConfiguration section */

/* Begin XCConfigurationList section */
		A4ADF46A160B6FE4000D6A0A /* Build configuration list for PBXProject "iGaiaSample.01" */ = {
			isa = XCConfigurationList;
			buildConfigurations = (
				A4ADF4A0160B6FE5000D6A0A /* Debug */,
				A4ADF4A1160B6FE5000D6A0A /* Release */,
			);
			defaultConfigurationIsVisible = 0;
			defaultConfigurationName = Release;
		};
		A4ADF4A2160B6FE5000D6A0A /* Build configuration list for PBXNativeTarget "iGaiaSample.01" */ = {
			isa = XCConfigurationList;
			buildConfigurations = (
				A4ADF4A3160B6FE5000D6A0A /* Debug */,
				A4ADF4A4160B6FE5000D6A0A /* Release */,
			);
			defaultConfigurationIsVisible = 0;
			defaultConfigurationName = Release;
		};
/* End XCConfigurationList section */
	};
	rootObject = A4ADF467160B6FE4000D6A0A /* Project object */;
}
