// !$*UTF8*$!
{
	archiveVersion = 1;
	classes = {
	};
	objectVersion = 46;
	objects = {

/* Begin PBXBuildFile section */
		A447C9C51611DDF800F539C0 /* Foundation.framework in Frameworks */ = {isa = PBXBuildFile; fileRef = A447C9C41611DDF800F539C0 /* Foundation.framework */; };
		A447C9CA1611DDF800F539C0 /* iGaiaCoreSupportMgr.h in CopyFiles */ = {isa = PBXBuildFile; fileRef = A447C9C91611DDF800F539C0 /* iGaiaCoreSupportMgr.h */; };
		A447C9CC1611DDF800F539C0 /* iGaiaCoreSupportMgr.m in Sources */ = {isa = PBXBuildFile; fileRef = A447C9CB1611DDF800F539C0 /* iGaiaCoreSupportMgr.m */; };
/* End PBXBuildFile section */

/* Begin PBXCopyFilesBuildPhase section */
		A447C9BF1611DDF800F539C0 /* CopyFiles */ = {
			isa = PBXCopyFilesBuildPhase;
			buildActionMask = 2147483647;
			dstPath = "include/${PRODUCT_NAME}";
			dstSubfolderSpec = 16;
			files = (
				A447C9CA1611DDF800F539C0 /* iGaiaCoreSupportMgr.h in CopyFiles */,
			);
			runOnlyForDeploymentPostprocessing = 0;
		};
/* End PBXCopyFilesBuildPhase section */

/* Begin PBXFileReference section */
		A447C9C11611DDF800F539C0 /* libiGaiaCoreSupportMgr.a */ = {isa = PBXFileReference; explicitFileType = archive.ar; includeInIndex = 0; path = libiGaiaCoreSupportMgr.a; sourceTree = BUILT_PRODUCTS_DIR; };
		A447C9C41611DDF800F539C0 /* Foundation.framework */ = {isa = PBXFileReference; lastKnownFileType = wrapper.framework; name = Foundation.framework; path = System/Library/Frameworks/Foundation.framework; sourceTree = SDKROOT; };
		A447C9C81611DDF800F539C0 /* iGaiaCoreSupportMgr-Prefix.pch */ = {isa = PBXFileReference; lastKnownFileType = sourcecode.c.h; path = "iGaiaCoreSupportMgr-Prefix.pch"; sourceTree = "<group>"; };
		A447C9C91611DDF800F539C0 /* iGaiaCoreSupportMgr.h */ = {isa = PBXFileReference; lastKnownFileType = sourcecode.c.h; path = iGaiaCoreSupportMgr.h; sourceTree = "<group>"; };
		A447C9CB1611DDF800F539C0 /* iGaiaCoreSupportMgr.m */ = {isa = PBXFileReference; lastKnownFileType = sourcecode.c.objc; path = iGaiaCoreSupportMgr.m; sourceTree = "<group>"; };
/* End PBXFileReference section */

/* Begin PBXFrameworksBuildPhase section */
		A447C9BE1611DDF800F539C0 /* Frameworks */ = {
			isa = PBXFrameworksBuildPhase;
			buildActionMask = 2147483647;
			files = (
				A447C9C51611DDF800F539C0 /* Foundation.framework in Frameworks */,
			);
			runOnlyForDeploymentPostprocessing = 0;
		};
/* End PBXFrameworksBuildPhase section */

/* Begin PBXGroup section */
		A447C9B61611DDF800F539C0 = {
			isa = PBXGroup;
			children = (
				A447C9C61611DDF800F539C0 /* iGaiaCoreSupportMgr */,
				A447C9C31611DDF800F539C0 /* Frameworks */,
				A447C9C21611DDF800F539C0 /* Products */,
			);
			sourceTree = "<group>";
		};
		A447C9C21611DDF800F539C0 /* Products */ = {
			isa = PBXGroup;
			children = (
				A447C9C11611DDF800F539C0 /* libiGaiaCoreSupportMgr.a */,
			);
			name = Products;
			sourceTree = "<group>";
		};
		A447C9C31611DDF800F539C0 /* Frameworks */ = {
			isa = PBXGroup;
			children = (
				A447C9C41611DDF800F539C0 /* Foundation.framework */,
			);
			name = Frameworks;
			sourceTree = "<group>";
		};
		A447C9C61611DDF800F539C0 /* iGaiaCoreSupportMgr */ = {
			isa = PBXGroup;
			children = (
				A447C9C91611DDF800F539C0 /* iGaiaCoreSupportMgr.h */,
				A447C9CB1611DDF800F539C0 /* iGaiaCoreSupportMgr.m */,
				A447C9C71611DDF800F539C0 /* Supporting Files */,
			);
			path = iGaiaCoreSupportMgr;
			sourceTree = "<group>";
		};
		A447C9C71611DDF800F539C0 /* Supporting Files */ = {
			isa = PBXGroup;
			children = (
				A447C9C81611DDF800F539C0 /* iGaiaCoreSupportMgr-Prefix.pch */,
			);
			name = "Supporting Files";
			sourceTree = "<group>";
		};
/* End PBXGroup section */

/* Begin PBXNativeTarget section */
		A447C9C01611DDF800F539C0 /* iGaiaCoreSupportMgr */ = {
			isa = PBXNativeTarget;
			buildConfigurationList = A447C9CF1611DDF800F539C0 /* Build configuration list for PBXNativeTarget "iGaiaCoreSupportMgr" */;
			buildPhases = (
				A447C9BD1611DDF800F539C0 /* Sources */,
				A447C9BE1611DDF800F539C0 /* Frameworks */,
				A447C9BF1611DDF800F539C0 /* CopyFiles */,
			);
			buildRules = (
			);
			dependencies = (
			);
			name = iGaiaCoreSupportMgr;
			productName = iGaiaCoreSupportMgr;
			productReference = A447C9C11611DDF800F539C0 /* libiGaiaCoreSupportMgr.a */;
			productType = "com.apple.product-type.library.static";
		};
/* End PBXNativeTarget section */

/* Begin PBXProject section */
		A447C9B81611DDF800F539C0 /* Project object */ = {
			isa = PBXProject;
			attributes = {
				LastUpgradeCheck = 0450;
				ORGANIZATIONNAME = "Sergey Sergeev";
			};
			buildConfigurationList = A447C9BB1611DDF800F539C0 /* Build configuration list for PBXProject "iGaiaCoreSupportMgr" */;
			compatibilityVersion = "Xcode 3.2";
			developmentRegion = English;
			hasScannedForEncodings = 0;
			knownRegions = (
				en,
			);
			mainGroup = A447C9B61611DDF800F539C0;
			productRefGroup = A447C9C21611DDF800F539C0 /* Products */;
			projectDirPath = "";
			projectRoot = "";
			targets = (
				A447C9C01611DDF800F539C0 /* iGaiaCoreSupportMgr */,
			);
		};
/* End PBXProject section */

/* Begin PBXSourcesBuildPhase section */
		A447C9BD1611DDF800F539C0 /* Sources */ = {
			isa = PBXSourcesBuildPhase;
			buildActionMask = 2147483647;
			files = (
				A447C9CC1611DDF800F539C0 /* iGaiaCoreSupportMgr.m in Sources */,
			);
			runOnlyForDeploymentPostprocessing = 0;
		};
/* End PBXSourcesBuildPhase section */

/* Begin XCBuildConfiguration section */
		A447C9CD1611DDF800F539C0 /* Debug */ = {
			isa = XCBuildConfiguration;
			buildSettings = {
				ALWAYS_SEARCH_USER_PATHS = NO;
				CLANG_CXX_LANGUAGE_STANDARD = "gnu++0x";
				CLANG_CXX_LIBRARY = "libc++";
				CLANG_ENABLE_OBJC_ARC = YES;
				CLANG_WARN_EMPTY_BODY = YES;
				CLANG_WARN__DUPLICATE_METHOD_MATCH = YES;
				COPY_PHASE_STRIP = NO;
				GCC_C_LANGUAGE_STANDARD = gnu99;
				GCC_DYNAMIC_NO_PIC = NO;
				GCC_OPTIMIZATION_LEVEL = 0;
				GCC_PREPROCESSOR_DEFINITIONS = (
					"DEBUG=1",
					"$(inherited)",
				);
				GCC_SYMBOLS_PRIVATE_EXTERN = NO;
				GCC_WARN_ABOUT_RETURN_TYPE = YES;
				GCC_WARN_UNINITIALIZED_AUTOS = YES;
				GCC_WARN_UNUSED_VARIABLE = YES;
				IPHONEOS_DEPLOYMENT_TARGET = 6.0;
				SDKROOT = iphoneos;
			};
			name = Debug;
		};
		A447C9CE1611DDF800F539C0 /* Release */ = {
			isa = XCBuildConfiguration;
			buildSettings = {
				ALWAYS_SEARCH_USER_PATHS = NO;
				CLANG_CXX_LANGUAGE_STANDARD = "gnu++0x";
				CLANG_CXX_LIBRARY = "libc++";
				CLANG_ENABLE_OBJC_ARC = YES;
				CLANG_WARN_EMPTY_BODY = YES;
				CLANG_WARN__DUPLICATE_METHOD_MATCH = YES;
				COPY_PHASE_STRIP = YES;
				GCC_C_LANGUAGE_STANDARD = gnu99;
				GCC_WARN_ABOUT_RETURN_TYPE = YES;
				GCC_WARN_UNINITIALIZED_AUTOS = YES;
				GCC_WARN_UNUSED_VARIABLE = YES;
				IPHONEOS_DEPLOYMENT_TARGET = 6.0;
				SDKROOT = iphoneos;
				VALIDATE_PRODUCT = YES;
			};
			name = Release;
		};
		A447C9D01611DDF800F539C0 /* Debug */ = {
			isa = XCBuildConfiguration;
			buildSettings = {
				DSTROOT = /tmp/iGaiaCoreSupportMgr.dst;
				GCC_PRECOMPILE_PREFIX_HEADER = YES;
				GCC_PREFIX_HEADER = "iGaiaCoreSupportMgr/iGaiaCoreSupportMgr-Prefix.pch";
				OTHER_LDFLAGS = "-ObjC";
				PRODUCT_NAME = "$(TARGET_NAME)";
				SKIP_INSTALL = YES;
			};
			name = Debug;
		};
		A447C9D11611DDF800F539C0 /* Release */ = {
			isa = XCBuildConfiguration;
			buildSettings = {
				DSTROOT = /tmp/iGaiaCoreSupportMgr.dst;
				GCC_PRECOMPILE_PREFIX_HEADER = YES;
				GCC_PREFIX_HEADER = "iGaiaCoreSupportMgr/iGaiaCoreSupportMgr-Prefix.pch";
				OTHER_LDFLAGS = "-ObjC";
				PRODUCT_NAME = "$(TARGET_NAME)";
				SKIP_INSTALL = YES;
			};
			name = Release;
		};
/* End XCBuildConfiguration section */

/* Begin XCConfigurationList section */
		A447C9BB1611DDF800F539C0 /* Build configuration list for PBXProject "iGaiaCoreSupportMgr" */ = {
			isa = XCConfigurationList;
			buildConfigurations = (
				A447C9CD1611DDF800F539C0 /* Debug */,
				A447C9CE1611DDF800F539C0 /* Release */,
			);
			defaultConfigurationIsVisible = 0;
			defaultConfigurationName = Release;
		};
		A447C9CF1611DDF800F539C0 /* Build configuration list for PBXNativeTarget "iGaiaCoreSupportMgr" */ = {
			isa = XCConfigurationList;
			buildConfigurations = (
				A447C9D01611DDF800F539C0 /* Debug */,
				A447C9D11611DDF800F539C0 /* Release */,
			);
			defaultConfigurationIsVisible = 0;
		};
/* End XCConfigurationList section */
	};
	rootObject = A447C9B81611DDF800F539C0 /* Project object */;
}
