// !$*UTF8*$!
{
	archiveVersion = 1;
	classes = {
	};
	objectVersion = 46;
	objects = {

/* Begin PBXBuildFile section */
		A45F609D16032700005B10A3 /* Foundation.framework in Frameworks */ = {isa = PBXBuildFile; fileRef = A45F609C16032700005B10A3 /* Foundation.framework */; };
		A45F61591603294D005B10A3 /* iGaiaCoreResourceMgr.mm in Sources */ = {isa = PBXBuildFile; fileRef = A45F61581603294D005B10A3 /* iGaiaCoreResourceMgr.mm */; };
		A45F616816032B93005B10A3 /* iGaiaCoreResource.m in Sources */ = {isa = PBXBuildFile; fileRef = A45F616716032B93005B10A3 /* iGaiaCoreResource.m */; };
		A45F61A716032E38005B10A3 /* libiGaiaCoreCommunicator.a in Frameworks */ = {isa = PBXBuildFile; fileRef = A45F61A416032E27005B10A3 /* libiGaiaCoreCommunicator.a */; };
		A45F61B316032EF9005B10A3 /* iGaiaCoreShader.mm in Sources */ = {isa = PBXBuildFile; fileRef = A45F61B216032EF9005B10A3 /* iGaiaCoreShader.mm */; };
		A45F61B616032F0F005B10A3 /* iGaiaCoreMesh.mm in Sources */ = {isa = PBXBuildFile; fileRef = A45F61B516032F0F005B10A3 /* iGaiaCoreMesh.mm */; };
		A45F61B916032F22005B10A3 /* iGaiaCoreTexture.mm in Sources */ = {isa = PBXBuildFile; fileRef = A45F61B816032F22005B10A3 /* iGaiaCoreTexture.mm */; };
		A45F61BC16032F3D005B10A3 /* iGaiaCoreShaderLoader.m in Sources */ = {isa = PBXBuildFile; fileRef = A45F61BB16032F3D005B10A3 /* iGaiaCoreShaderLoader.m */; };
		A45F61BF16032F5E005B10A3 /* iGaiaCoreMeshLoader.m in Sources */ = {isa = PBXBuildFile; fileRef = A45F61BE16032F5E005B10A3 /* iGaiaCoreMeshLoader.m */; };
		A45F61C216032F74005B10A3 /* iGaiaCoreTextureLoader.m in Sources */ = {isa = PBXBuildFile; fileRef = A45F61C116032F74005B10A3 /* iGaiaCoreTextureLoader.m */; };
		A45F61C516032F96005B10A3 /* iGaiaCoreShaderService.m in Sources */ = {isa = PBXBuildFile; fileRef = A45F61C416032F95005B10A3 /* iGaiaCoreShaderService.m */; };
		A45F61C816032FB3005B10A3 /* iGaiaCoreMeshService.m in Sources */ = {isa = PBXBuildFile; fileRef = A45F61C716032FB2005B10A3 /* iGaiaCoreMeshService.m */; };
		A45F61CB16032FC8005B10A3 /* iGaiaCoreTextureService.m in Sources */ = {isa = PBXBuildFile; fileRef = A45F61CA16032FC8005B10A3 /* iGaiaCoreTextureService.m */; };
		A45F61D116033D10005B10A3 /* iGaiaCoreIndexBuffer.mm in Sources */ = {isa = PBXBuildFile; fileRef = A45F61D016033D10005B10A3 /* iGaiaCoreIndexBuffer.mm */; };
		A45F61D416033D25005B10A3 /* iGaiaCoreVertexBuffer.mm in Sources */ = {isa = PBXBuildFile; fileRef = A45F61D316033D25005B10A3 /* iGaiaCoreVertexBuffer.mm */; };
/* End PBXBuildFile section */

/* Begin PBXContainerItemProxy section */
		A45F61A316032E27005B10A3 /* PBXContainerItemProxy */ = {
			isa = PBXContainerItemProxy;
			containerPortal = A45F619F16032E27005B10A3 /* iGaiaCoreCommunicator.xcodeproj */;
			proxyType = 2;
			remoteGlobalIDString = A45F617416032DAA005B10A3;
			remoteInfo = iGaiaCoreCommunicator;
		};
		A45F61A516032E2F005B10A3 /* PBXContainerItemProxy */ = {
			isa = PBXContainerItemProxy;
			containerPortal = A45F619F16032E27005B10A3 /* iGaiaCoreCommunicator.xcodeproj */;
			proxyType = 1;
			remoteGlobalIDString = A45F617316032DAA005B10A3;
			remoteInfo = iGaiaCoreCommunicator;
		};
/* End PBXContainerItemProxy section */

/* Begin PBXCopyFilesBuildPhase section */
		A45F609716032700005B10A3 /* CopyFiles */ = {
			isa = PBXCopyFilesBuildPhase;
			buildActionMask = 2147483647;
			dstPath = "include/${PRODUCT_NAME}";
			dstSubfolderSpec = 16;
			files = (
			);
			runOnlyForDeploymentPostprocessing = 0;
		};
/* End PBXCopyFilesBuildPhase section */

/* Begin PBXFileReference section */
		A45F609916032700005B10A3 /* libiGaiaCoreResourceMgr.a */ = {isa = PBXFileReference; explicitFileType = archive.ar; includeInIndex = 0; path = libiGaiaCoreResourceMgr.a; sourceTree = BUILT_PRODUCTS_DIR; };
		A45F609C16032700005B10A3 /* Foundation.framework */ = {isa = PBXFileReference; lastKnownFileType = wrapper.framework; name = Foundation.framework; path = System/Library/Frameworks/Foundation.framework; sourceTree = SDKROOT; };
		A45F60A016032700005B10A3 /* iGaiaCoreResourceMgr-Prefix.pch */ = {isa = PBXFileReference; lastKnownFileType = sourcecode.c.h; path = "iGaiaCoreResourceMgr-Prefix.pch"; sourceTree = "<group>"; };
		A45F61571603294D005B10A3 /* iGaiaCoreResourceMgr.h */ = {isa = PBXFileReference; fileEncoding = 4; lastKnownFileType = sourcecode.c.h; name = iGaiaCoreResourceMgr.h; path = iGaiaCoreResourceMgr/Classes/iGaiaCoreResourceMgr.h; sourceTree = "<group>"; };
		A45F61581603294D005B10A3 /* iGaiaCoreResourceMgr.mm */ = {isa = PBXFileReference; fileEncoding = 4; lastKnownFileType = sourcecode.cpp.objcpp; name = iGaiaCoreResourceMgr.mm; path = iGaiaCoreResourceMgr/Classes/iGaiaCoreResourceMgr.mm; sourceTree = "<group>"; };
		A45F616616032B93005B10A3 /* iGaiaCoreResource.h */ = {isa = PBXFileReference; fileEncoding = 4; lastKnownFileType = sourcecode.c.h; name = iGaiaCoreResource.h; path = iGaiaCoreResourceMgr/Classes/iGaiaCoreResource.h; sourceTree = "<group>"; };
		A45F616716032B93005B10A3 /* iGaiaCoreResource.m */ = {isa = PBXFileReference; fileEncoding = 4; lastKnownFileType = sourcecode.c.objc; name = iGaiaCoreResource.m; path = iGaiaCoreResourceMgr/Classes/iGaiaCoreResource.m; sourceTree = "<group>"; };
		A45F619F16032E27005B10A3 /* iGaiaCoreCommunicator.xcodeproj */ = {isa = PBXFileReference; lastKnownFileType = "wrapper.pb-project"; name = iGaiaCoreCommunicator.xcodeproj; path = ../iGaiaCoreCommunicator/iGaiaCoreCommunicator.xcodeproj; sourceTree = "<group>"; };
		A45F61B116032EF9005B10A3 /* iGaiaCoreShader.h */ = {isa = PBXFileReference; fileEncoding = 4; lastKnownFileType = sourcecode.c.h; name = iGaiaCoreShader.h; path = iGaiaCoreResourceMgr/Classes/iGaiaCoreShader.h; sourceTree = "<group>"; };
		A45F61B216032EF9005B10A3 /* iGaiaCoreShader.mm */ = {isa = PBXFileReference; fileEncoding = 4; lastKnownFileType = sourcecode.cpp.objcpp; name = iGaiaCoreShader.mm; path = iGaiaCoreResourceMgr/Classes/iGaiaCoreShader.mm; sourceTree = "<group>"; };
		A45F61B416032F0F005B10A3 /* iGaiaCoreMesh.h */ = {isa = PBXFileReference; fileEncoding = 4; lastKnownFileType = sourcecode.c.h; name = iGaiaCoreMesh.h; path = iGaiaCoreResourceMgr/Classes/iGaiaCoreMesh.h; sourceTree = "<group>"; };
		A45F61B516032F0F005B10A3 /* iGaiaCoreMesh.mm */ = {isa = PBXFileReference; fileEncoding = 4; lastKnownFileType = sourcecode.cpp.objcpp; name = iGaiaCoreMesh.mm; path = iGaiaCoreResourceMgr/Classes/iGaiaCoreMesh.mm; sourceTree = "<group>"; };
		A45F61B716032F22005B10A3 /* iGaiaCoreTexture.h */ = {isa = PBXFileReference; fileEncoding = 4; lastKnownFileType = sourcecode.c.h; name = iGaiaCoreTexture.h; path = iGaiaCoreResourceMgr/Classes/iGaiaCoreTexture.h; sourceTree = "<group>"; };
		A45F61B816032F22005B10A3 /* iGaiaCoreTexture.mm */ = {isa = PBXFileReference; fileEncoding = 4; lastKnownFileType = sourcecode.cpp.objcpp; name = iGaiaCoreTexture.mm; path = iGaiaCoreResourceMgr/Classes/iGaiaCoreTexture.mm; sourceTree = "<group>"; };
		A45F61BA16032F3C005B10A3 /* iGaiaCoreShaderLoader.h */ = {isa = PBXFileReference; fileEncoding = 4; lastKnownFileType = sourcecode.c.h; name = iGaiaCoreShaderLoader.h; path = iGaiaCoreResourceMgr/Classes/iGaiaCoreShaderLoader.h; sourceTree = "<group>"; };
		A45F61BB16032F3D005B10A3 /* iGaiaCoreShaderLoader.m */ = {isa = PBXFileReference; fileEncoding = 4; lastKnownFileType = sourcecode.c.objc; name = iGaiaCoreShaderLoader.m; path = iGaiaCoreResourceMgr/Classes/iGaiaCoreShaderLoader.m; sourceTree = "<group>"; };
		A45F61BD16032F5E005B10A3 /* iGaiaCoreMeshLoader.h */ = {isa = PBXFileReference; fileEncoding = 4; lastKnownFileType = sourcecode.c.h; name = iGaiaCoreMeshLoader.h; path = iGaiaCoreResourceMgr/Classes/iGaiaCoreMeshLoader.h; sourceTree = "<group>"; };
		A45F61BE16032F5E005B10A3 /* iGaiaCoreMeshLoader.m */ = {isa = PBXFileReference; fileEncoding = 4; lastKnownFileType = sourcecode.c.objc; name = iGaiaCoreMeshLoader.m; path = iGaiaCoreResourceMgr/Classes/iGaiaCoreMeshLoader.m; sourceTree = "<group>"; };
		A45F61C016032F74005B10A3 /* iGaiaCoreTextureLoader.h */ = {isa = PBXFileReference; fileEncoding = 4; lastKnownFileType = sourcecode.c.h; name = iGaiaCoreTextureLoader.h; path = iGaiaCoreResourceMgr/Classes/iGaiaCoreTextureLoader.h; sourceTree = "<group>"; };
		A45F61C116032F74005B10A3 /* iGaiaCoreTextureLoader.m */ = {isa = PBXFileReference; fileEncoding = 4; lastKnownFileType = sourcecode.c.objc; name = iGaiaCoreTextureLoader.m; path = iGaiaCoreResourceMgr/Classes/iGaiaCoreTextureLoader.m; sourceTree = "<group>"; };
		A45F61C316032F95005B10A3 /* iGaiaCoreShaderService.h */ = {isa = PBXFileReference; fileEncoding = 4; lastKnownFileType = sourcecode.c.h; name = iGaiaCoreShaderService.h; path = iGaiaCoreResourceMgr/Classes/iGaiaCoreShaderService.h; sourceTree = "<group>"; };
		A45F61C416032F95005B10A3 /* iGaiaCoreShaderService.m */ = {isa = PBXFileReference; fileEncoding = 4; lastKnownFileType = sourcecode.c.objc; name = iGaiaCoreShaderService.m; path = iGaiaCoreResourceMgr/Classes/iGaiaCoreShaderService.m; sourceTree = "<group>"; };
		A45F61C616032FB2005B10A3 /* iGaiaCoreMeshService.h */ = {isa = PBXFileReference; fileEncoding = 4; lastKnownFileType = sourcecode.c.h; name = iGaiaCoreMeshService.h; path = iGaiaCoreResourceMgr/Classes/iGaiaCoreMeshService.h; sourceTree = "<group>"; };
		A45F61C716032FB2005B10A3 /* iGaiaCoreMeshService.m */ = {isa = PBXFileReference; fileEncoding = 4; lastKnownFileType = sourcecode.c.objc; name = iGaiaCoreMeshService.m; path = iGaiaCoreResourceMgr/Classes/iGaiaCoreMeshService.m; sourceTree = "<group>"; };
		A45F61C916032FC8005B10A3 /* iGaiaCoreTextureService.h */ = {isa = PBXFileReference; fileEncoding = 4; lastKnownFileType = sourcecode.c.h; name = iGaiaCoreTextureService.h; path = iGaiaCoreResourceMgr/Classes/iGaiaCoreTextureService.h; sourceTree = "<group>"; };
		A45F61CA16032FC8005B10A3 /* iGaiaCoreTextureService.m */ = {isa = PBXFileReference; fileEncoding = 4; lastKnownFileType = sourcecode.c.objc; name = iGaiaCoreTextureService.m; path = iGaiaCoreResourceMgr/Classes/iGaiaCoreTextureService.m; sourceTree = "<group>"; };
		A45F61CF16033D10005B10A3 /* iGaiaCoreIndexBuffer.h */ = {isa = PBXFileReference; fileEncoding = 4; lastKnownFileType = sourcecode.c.h; name = iGaiaCoreIndexBuffer.h; path = iGaiaCoreResourceMgr/Classes/iGaiaCoreIndexBuffer.h; sourceTree = "<group>"; };
		A45F61D016033D10005B10A3 /* iGaiaCoreIndexBuffer.mm */ = {isa = PBXFileReference; fileEncoding = 4; lastKnownFileType = sourcecode.cpp.objcpp; name = iGaiaCoreIndexBuffer.mm; path = iGaiaCoreResourceMgr/Classes/iGaiaCoreIndexBuffer.mm; sourceTree = "<group>"; };
		A45F61D216033D25005B10A3 /* iGaiaCoreVertexBuffer.h */ = {isa = PBXFileReference; fileEncoding = 4; lastKnownFileType = sourcecode.c.h; name = iGaiaCoreVertexBuffer.h; path = iGaiaCoreResourceMgr/Classes/iGaiaCoreVertexBuffer.h; sourceTree = "<group>"; };
		A45F61D316033D25005B10A3 /* iGaiaCoreVertexBuffer.mm */ = {isa = PBXFileReference; fileEncoding = 4; lastKnownFileType = sourcecode.cpp.objcpp; name = iGaiaCoreVertexBuffer.mm; path = iGaiaCoreResourceMgr/Classes/iGaiaCoreVertexBuffer.mm; sourceTree = "<group>"; };
/* End PBXFileReference section */

/* Begin PBXFrameworksBuildPhase section */
		A45F609616032700005B10A3 /* Frameworks */ = {
			isa = PBXFrameworksBuildPhase;
			buildActionMask = 2147483647;
			files = (
				A45F61A716032E38005B10A3 /* libiGaiaCoreCommunicator.a in Frameworks */,
				A45F609D16032700005B10A3 /* Foundation.framework in Frameworks */,
			);
			runOnlyForDeploymentPostprocessing = 0;
		};
/* End PBXFrameworksBuildPhase section */

/* Begin PBXGroup section */
		A45F608E16032700005B10A3 = {
			isa = PBXGroup;
			children = (
				A45F619F16032E27005B10A3 /* iGaiaCoreCommunicator.xcodeproj */,
				A45F615616032942005B10A3 /* Classes */,
				A45F609E16032700005B10A3 /* iGaiaCoreResourceMgr */,
				A45F609B16032700005B10A3 /* Frameworks */,
				A45F609A16032700005B10A3 /* Products */,
			);
			sourceTree = "<group>";
		};
		A45F609A16032700005B10A3 /* Products */ = {
			isa = PBXGroup;
			children = (
				A45F609916032700005B10A3 /* libiGaiaCoreResourceMgr.a */,
			);
			name = Products;
			sourceTree = "<group>";
		};
		A45F609B16032700005B10A3 /* Frameworks */ = {
			isa = PBXGroup;
			children = (
				A45F609C16032700005B10A3 /* Foundation.framework */,
			);
			name = Frameworks;
			sourceTree = "<group>";
		};
		A45F609E16032700005B10A3 /* iGaiaCoreResourceMgr */ = {
			isa = PBXGroup;
			children = (
				A45F609F16032700005B10A3 /* Supporting Files */,
			);
			path = iGaiaCoreResourceMgr;
			sourceTree = "<group>";
		};
		A45F609F16032700005B10A3 /* Supporting Files */ = {
			isa = PBXGroup;
			children = (
				A45F60A016032700005B10A3 /* iGaiaCoreResourceMgr-Prefix.pch */,
			);
			name = "Supporting Files";
			sourceTree = "<group>";
		};
		A45F615616032942005B10A3 /* Classes */ = {
			isa = PBXGroup;
			children = (
				A45F61CD16033C11005B10A3 /* Loaders */,
				A45F61CE16033C1F005B10A3 /* Services */,
				A45F61CC16033C04005B10A3 /* Resources */,
				A45F61571603294D005B10A3 /* iGaiaCoreResourceMgr.h */,
				A45F61581603294D005B10A3 /* iGaiaCoreResourceMgr.mm */,
			);
			name = Classes;
			sourceTree = "<group>";
		};
		A45F61A016032E27005B10A3 /* Products */ = {
			isa = PBXGroup;
			children = (
				A45F61A416032E27005B10A3 /* libiGaiaCoreCommunicator.a */,
			);
			name = Products;
			sourceTree = "<group>";
		};
		A45F61CC16033C04005B10A3 /* Resources */ = {
			isa = PBXGroup;
			children = (
				A45F616616032B93005B10A3 /* iGaiaCoreResource.h */,
				A45F616716032B93005B10A3 /* iGaiaCoreResource.m */,
				A45F61B116032EF9005B10A3 /* iGaiaCoreShader.h */,
				A45F61B216032EF9005B10A3 /* iGaiaCoreShader.mm */,
				A45F61B416032F0F005B10A3 /* iGaiaCoreMesh.h */,
				A45F61B516032F0F005B10A3 /* iGaiaCoreMesh.mm */,
				A45F61B716032F22005B10A3 /* iGaiaCoreTexture.h */,
				A45F61B816032F22005B10A3 /* iGaiaCoreTexture.mm */,
				A45F61CF16033D10005B10A3 /* iGaiaCoreIndexBuffer.h */,
				A45F61D016033D10005B10A3 /* iGaiaCoreIndexBuffer.mm */,
				A45F61D216033D25005B10A3 /* iGaiaCoreVertexBuffer.h */,
				A45F61D316033D25005B10A3 /* iGaiaCoreVertexBuffer.mm */,
			);
			name = Resources;
			sourceTree = "<group>";
		};
		A45F61CD16033C11005B10A3 /* Loaders */ = {
			isa = PBXGroup;
			children = (
				A45F61BA16032F3C005B10A3 /* iGaiaCoreShaderLoader.h */,
				A45F61BB16032F3D005B10A3 /* iGaiaCoreShaderLoader.m */,
				A45F61BD16032F5E005B10A3 /* iGaiaCoreMeshLoader.h */,
				A45F61BE16032F5E005B10A3 /* iGaiaCoreMeshLoader.m */,
				A45F61C016032F74005B10A3 /* iGaiaCoreTextureLoader.h */,
				A45F61C116032F74005B10A3 /* iGaiaCoreTextureLoader.m */,
			);
			name = Loaders;
			sourceTree = "<group>";
		};
		A45F61CE16033C1F005B10A3 /* Services */ = {
			isa = PBXGroup;
			children = (
				A45F61C316032F95005B10A3 /* iGaiaCoreShaderService.h */,
				A45F61C416032F95005B10A3 /* iGaiaCoreShaderService.m */,
				A45F61C616032FB2005B10A3 /* iGaiaCoreMeshService.h */,
				A45F61C716032FB2005B10A3 /* iGaiaCoreMeshService.m */,
				A45F61C916032FC8005B10A3 /* iGaiaCoreTextureService.h */,
				A45F61CA16032FC8005B10A3 /* iGaiaCoreTextureService.m */,
			);
			name = Services;
			sourceTree = "<group>";
		};
/* End PBXGroup section */

/* Begin PBXNativeTarget section */
		A45F609816032700005B10A3 /* iGaiaCoreResourceMgr */ = {
			isa = PBXNativeTarget;
			buildConfigurationList = A45F60A716032700005B10A3 /* Build configuration list for PBXNativeTarget "iGaiaCoreResourceMgr" */;
			buildPhases = (
				A45F609516032700005B10A3 /* Sources */,
				A45F609616032700005B10A3 /* Frameworks */,
				A45F609716032700005B10A3 /* CopyFiles */,
			);
			buildRules = (
			);
			dependencies = (
				A45F61A616032E2F005B10A3 /* PBXTargetDependency */,
			);
			name = iGaiaCoreResourceMgr;
			productName = iGaiaCoreResourceMgr;
			productReference = A45F609916032700005B10A3 /* libiGaiaCoreResourceMgr.a */;
			productType = "com.apple.product-type.library.static";
		};
/* End PBXNativeTarget section */

/* Begin PBXProject section */
		A45F609016032700005B10A3 /* Project object */ = {
			isa = PBXProject;
			attributes = {
				LastUpgradeCheck = 0440;
				ORGANIZATIONNAME = "Sergey Sergeev";
			};
			buildConfigurationList = A45F609316032700005B10A3 /* Build configuration list for PBXProject "iGaiaCoreResourceMgr" */;
			compatibilityVersion = "Xcode 3.2";
			developmentRegion = English;
			hasScannedForEncodings = 0;
			knownRegions = (
				en,
			);
			mainGroup = A45F608E16032700005B10A3;
			productRefGroup = A45F609A16032700005B10A3 /* Products */;
			projectDirPath = "";
			projectReferences = (
				{
					ProductGroup = A45F61A016032E27005B10A3 /* Products */;
					ProjectRef = A45F619F16032E27005B10A3 /* iGaiaCoreCommunicator.xcodeproj */;
				},
			);
			projectRoot = "";
			targets = (
				A45F609816032700005B10A3 /* iGaiaCoreResourceMgr */,
			);
		};
/* End PBXProject section */

/* Begin PBXReferenceProxy section */
		A45F61A416032E27005B10A3 /* libiGaiaCoreCommunicator.a */ = {
			isa = PBXReferenceProxy;
			fileType = archive.ar;
			path = libiGaiaCoreCommunicator.a;
			remoteRef = A45F61A316032E27005B10A3 /* PBXContainerItemProxy */;
			sourceTree = BUILT_PRODUCTS_DIR;
		};
/* End PBXReferenceProxy section */

/* Begin PBXSourcesBuildPhase section */
		A45F609516032700005B10A3 /* Sources */ = {
			isa = PBXSourcesBuildPhase;
			buildActionMask = 2147483647;
			files = (
				A45F61591603294D005B10A3 /* iGaiaCoreResourceMgr.mm in Sources */,
				A45F616816032B93005B10A3 /* iGaiaCoreResource.m in Sources */,
				A45F61B316032EF9005B10A3 /* iGaiaCoreShader.mm in Sources */,
				A45F61B616032F0F005B10A3 /* iGaiaCoreMesh.mm in Sources */,
				A45F61B916032F22005B10A3 /* iGaiaCoreTexture.mm in Sources */,
				A45F61BC16032F3D005B10A3 /* iGaiaCoreShaderLoader.m in Sources */,
				A45F61BF16032F5E005B10A3 /* iGaiaCoreMeshLoader.m in Sources */,
				A45F61C216032F74005B10A3 /* iGaiaCoreTextureLoader.m in Sources */,
				A45F61C516032F96005B10A3 /* iGaiaCoreShaderService.m in Sources */,
				A45F61C816032FB3005B10A3 /* iGaiaCoreMeshService.m in Sources */,
				A45F61CB16032FC8005B10A3 /* iGaiaCoreTextureService.m in Sources */,
				A45F61D116033D10005B10A3 /* iGaiaCoreIndexBuffer.mm in Sources */,
				A45F61D416033D25005B10A3 /* iGaiaCoreVertexBuffer.mm in Sources */,
			);
			runOnlyForDeploymentPostprocessing = 0;
		};
/* End PBXSourcesBuildPhase section */

/* Begin PBXTargetDependency section */
		A45F61A616032E2F005B10A3 /* PBXTargetDependency */ = {
			isa = PBXTargetDependency;
			name = iGaiaCoreCommunicator;
			targetProxy = A45F61A516032E2F005B10A3 /* PBXContainerItemProxy */;
		};
/* End PBXTargetDependency section */

/* Begin XCBuildConfiguration section */
		A45F60A516032700005B10A3 /* Debug */ = {
			isa = XCBuildConfiguration;
			buildSettings = {
				ALWAYS_SEARCH_USER_PATHS = NO;
				ARCHS = "$(ARCHS_STANDARD_32_BIT)";
				CLANG_CXX_LANGUAGE_STANDARD = "gnu++0x";
				CLANG_ENABLE_OBJC_ARC = YES;
				CLANG_WARN__DUPLICATE_METHOD_MATCH = YES;
				COPY_PHASE_STRIP = NO;
				GCC_C_LANGUAGE_STANDARD = gnu99;
				GCC_DYNAMIC_NO_PIC = NO;
				GCC_OPTIMIZATION_LEVEL = 0;
				GCC_PREPROCESSOR_DEFINITIONS = (
					"DEBUG=1",
					"$(inherited)",
				);
				GCC_SYMBOLS_PRIVATE_EXTERN = NO;
				GCC_VERSION = com.apple.compilers.llvm.clang.1_0;
				GCC_WARN_ABOUT_RETURN_TYPE = YES;
				GCC_WARN_UNINITIALIZED_AUTOS = YES;
				GCC_WARN_UNUSED_VARIABLE = YES;
				IPHONEOS_DEPLOYMENT_TARGET = 5.1;
				SDKROOT = iphoneos;
			};
			name = Debug;
		};
		A45F60A616032700005B10A3 /* Release */ = {
			isa = XCBuildConfiguration;
			buildSettings = {
				ALWAYS_SEARCH_USER_PATHS = NO;
				ARCHS = "$(ARCHS_STANDARD_32_BIT)";
				CLANG_CXX_LANGUAGE_STANDARD = "gnu++0x";
				CLANG_ENABLE_OBJC_ARC = YES;
				CLANG_WARN__DUPLICATE_METHOD_MATCH = YES;
				COPY_PHASE_STRIP = YES;
				GCC_C_LANGUAGE_STANDARD = gnu99;
				GCC_VERSION = com.apple.compilers.llvm.clang.1_0;
				GCC_WARN_ABOUT_RETURN_TYPE = YES;
				GCC_WARN_UNINITIALIZED_AUTOS = YES;
				GCC_WARN_UNUSED_VARIABLE = YES;
				IPHONEOS_DEPLOYMENT_TARGET = 5.1;
				SDKROOT = iphoneos;
				VALIDATE_PRODUCT = YES;
			};
			name = Release;
		};
		A45F60A816032700005B10A3 /* Debug */ = {
			isa = XCBuildConfiguration;
			buildSettings = {
				DSTROOT = /tmp/iGaiaCoreResourceMgr.dst;
				GCC_PRECOMPILE_PREFIX_HEADER = YES;
				GCC_PREFIX_HEADER = "iGaiaCoreResourceMgr/iGaiaCoreResourceMgr-Prefix.pch";
				HEADER_SEARCH_PATHS = "\"$(SRCROOT)/../iGaiaCoreCommunicator\"/**";
				OTHER_LDFLAGS = "-ObjC";
				PRODUCT_NAME = "$(TARGET_NAME)";
				SKIP_INSTALL = YES;
			};
			name = Debug;
		};
		A45F60A916032700005B10A3 /* Release */ = {
			isa = XCBuildConfiguration;
			buildSettings = {
				DSTROOT = /tmp/iGaiaCoreResourceMgr.dst;
				GCC_PRECOMPILE_PREFIX_HEADER = YES;
				GCC_PREFIX_HEADER = "iGaiaCoreResourceMgr/iGaiaCoreResourceMgr-Prefix.pch";
				HEADER_SEARCH_PATHS = "\"$(SRCROOT)/../iGaiaCoreCommunicator\"/**";
				OTHER_LDFLAGS = "-ObjC";
				PRODUCT_NAME = "$(TARGET_NAME)";
				SKIP_INSTALL = YES;
			};
			name = Release;
		};
/* End XCBuildConfiguration section */

/* Begin XCConfigurationList section */
		A45F609316032700005B10A3 /* Build configuration list for PBXProject "iGaiaCoreResourceMgr" */ = {
			isa = XCConfigurationList;
			buildConfigurations = (
				A45F60A516032700005B10A3 /* Debug */,
				A45F60A616032700005B10A3 /* Release */,
			);
			defaultConfigurationIsVisible = 0;
			defaultConfigurationName = Release;
		};
		A45F60A716032700005B10A3 /* Build configuration list for PBXNativeTarget "iGaiaCoreResourceMgr" */ = {
			isa = XCConfigurationList;
			buildConfigurations = (
				A45F60A816032700005B10A3 /* Debug */,
				A45F60A916032700005B10A3 /* Release */,
			);
			defaultConfigurationIsVisible = 0;
			defaultConfigurationName = Release;
		};
/* End XCConfigurationList section */
	};
	rootObject = A45F609016032700005B10A3 /* Project object */;
}
