// !$*UTF8*$!
{
	archiveVersion = 1;
	classes = {
	};
	objectVersion = 46;
	objects = {

/* Begin PBXBuildFile section */
		A42F81D7160CB37D00453D28 /* iGaiaCoreGLView.mm in Sources */ = {isa = PBXBuildFile; fileRef = A42F81D6160CB37D00453D28 /* iGaiaCoreGLView.mm */; };
		A42F81DA160CC09400453D28 /* OpenGLES.framework in Frameworks */ = {isa = PBXBuildFile; fileRef = A42F81D9160CC09400453D28 /* OpenGLES.framework */; };
		A42F81DE160CC0B900453D28 /* CoreGraphics.framework in Frameworks */ = {isa = PBXBuildFile; fileRef = A42F81DD160CC0B900453D28 /* CoreGraphics.framework */; };
		A42F81E0160CC0F300453D28 /* QuartzCore.framework in Frameworks */ = {isa = PBXBuildFile; fileRef = A42F81DF160CC0F300453D28 /* QuartzCore.framework */; };
		A42F81E5160CC18E00453D28 /* UIKit.framework in Frameworks */ = {isa = PBXBuildFile; fileRef = A42F81E4160CC18E00453D28 /* UIKit.framework */; };
		A447C9DE1611DF2500F539C0 /* iGaiaCoreWorldSpaceRenderState.mm in Sources */ = {isa = PBXBuildFile; fileRef = A447C9DD1611DF2500F539C0 /* iGaiaCoreWorldSpaceRenderState.mm */; };
		A447C9E81611E24500F539C0 /* libiGaiaCoreCommon.a in Frameworks */ = {isa = PBXBuildFile; fileRef = A447C9E51611E23400F539C0 /* libiGaiaCoreCommon.a */; };
		A447C9EB1611E2D100F539C0 /* iGaiaCoreScreenSpaceRenderState.mm in Sources */ = {isa = PBXBuildFile; fileRef = A447C9EA1611E2D100F539C0 /* iGaiaCoreScreenSpaceRenderState.mm */; };
		A45F60B916032725005B10A3 /* Foundation.framework in Frameworks */ = {isa = PBXBuildFile; fileRef = A45F60B816032725005B10A3 /* Foundation.framework */; };
		A45F614A160328FD005B10A3 /* iGaiaCoreRenderMgr.mm in Sources */ = {isa = PBXBuildFile; fileRef = A45F6149160328FD005B10A3 /* iGaiaCoreRenderMgr.mm */; };
		A45F61B016032E66005B10A3 /* libiGaiaCoreCommunicator.a in Frameworks */ = {isa = PBXBuildFile; fileRef = A45F618D16032DD9005B10A3 /* libiGaiaCoreCommunicator.a */; };
/* End PBXBuildFile section */

/* Begin PBXContainerItemProxy section */
		A447C9E41611E23400F539C0 /* PBXContainerItemProxy */ = {
			isa = PBXContainerItemProxy;
			containerPortal = A447C9E01611E23300F539C0 /* iGaiaCoreCommon.xcodeproj */;
			proxyType = 2;
			remoteGlobalIDString = A4D1F0A1160C486B005307F4;
			remoteInfo = iGaiaCoreCommon;
		};
		A447C9E61611E23E00F539C0 /* PBXContainerItemProxy */ = {
			isa = PBXContainerItemProxy;
			containerPortal = A447C9E01611E23300F539C0 /* iGaiaCoreCommon.xcodeproj */;
			proxyType = 1;
			remoteGlobalIDString = A4D1F0A0160C486B005307F4;
			remoteInfo = iGaiaCoreCommon;
		};
		A45F618C16032DD9005B10A3 /* PBXContainerItemProxy */ = {
			isa = PBXContainerItemProxy;
			containerPortal = A45F618516032DD8005B10A3 /* iGaiaCoreCommunicator.xcodeproj */;
			proxyType = 2;
			remoteGlobalIDString = A45F617416032DAA005B10A3;
			remoteInfo = iGaiaCoreCommunicator;
		};
		A45F61AE16032E61005B10A3 /* PBXContainerItemProxy */ = {
			isa = PBXContainerItemProxy;
			containerPortal = A45F618516032DD8005B10A3 /* iGaiaCoreCommunicator.xcodeproj */;
			proxyType = 1;
			remoteGlobalIDString = A45F617316032DAA005B10A3;
			remoteInfo = iGaiaCoreCommunicator;
		};
/* End PBXContainerItemProxy section */

/* Begin PBXCopyFilesBuildPhase section */
		A45F60B316032725005B10A3 /* CopyFiles */ = {
			isa = PBXCopyFilesBuildPhase;
			buildActionMask = 2147483647;
			dstPath = "include/${PRODUCT_NAME}";
			dstSubfolderSpec = 16;
			files = (
			);
			runOnlyForDeploymentPostprocessing = 0;
		};
/* End PBXCopyFilesBuildPhase section */

/* Begin PBXFileReference section */
		A42F81D5160CB37D00453D28 /* iGaiaCoreGLView.h */ = {isa = PBXFileReference; fileEncoding = 4; lastKnownFileType = sourcecode.c.h; name = iGaiaCoreGLView.h; path = iGaiaCoreRenderMgr/Classes/iGaiaCoreGLView.h; sourceTree = "<group>"; };
		A42F81D6160CB37D00453D28 /* iGaiaCoreGLView.mm */ = {isa = PBXFileReference; fileEncoding = 4; lastKnownFileType = sourcecode.cpp.objcpp; name = iGaiaCoreGLView.mm; path = iGaiaCoreRenderMgr/Classes/iGaiaCoreGLView.mm; sourceTree = "<group>"; };
		A42F81D9160CC09400453D28 /* OpenGLES.framework */ = {isa = PBXFileReference; lastKnownFileType = wrapper.framework; name = OpenGLES.framework; path = System/Library/Frameworks/OpenGLES.framework; sourceTree = SDKROOT; };
		A42F81DD160CC0B900453D28 /* CoreGraphics.framework */ = {isa = PBXFileReference; lastKnownFileType = wrapper.framework; name = CoreGraphics.framework; path = System/Library/Frameworks/CoreGraphics.framework; sourceTree = SDKROOT; };
		A42F81DF160CC0F300453D28 /* QuartzCore.framework */ = {isa = PBXFileReference; lastKnownFileType = wrapper.framework; name = QuartzCore.framework; path = System/Library/Frameworks/QuartzCore.framework; sourceTree = SDKROOT; };
		A42F81E4160CC18E00453D28 /* UIKit.framework */ = {isa = PBXFileReference; lastKnownFileType = wrapper.framework; name = UIKit.framework; path = System/Library/Frameworks/UIKit.framework; sourceTree = SDKROOT; };
		A447C9DC1611DF2500F539C0 /* iGaiaCoreWorldSpaceRenderState.h */ = {isa = PBXFileReference; fileEncoding = 4; lastKnownFileType = sourcecode.c.h; name = iGaiaCoreWorldSpaceRenderState.h; path = iGaiaCoreRenderMgr/Classes/iGaiaCoreWorldSpaceRenderState.h; sourceTree = "<group>"; };
		A447C9DD1611DF2500F539C0 /* iGaiaCoreWorldSpaceRenderState.mm */ = {isa = PBXFileReference; fileEncoding = 4; lastKnownFileType = sourcecode.cpp.objcpp; name = iGaiaCoreWorldSpaceRenderState.mm; path = iGaiaCoreRenderMgr/Classes/iGaiaCoreWorldSpaceRenderState.mm; sourceTree = "<group>"; };
		A447C9E01611E23300F539C0 /* iGaiaCoreCommon.xcodeproj */ = {isa = PBXFileReference; lastKnownFileType = "wrapper.pb-project"; name = iGaiaCoreCommon.xcodeproj; path = ../iGaiaCoreCommon/iGaiaCoreCommon.xcodeproj; sourceTree = "<group>"; };
		A447C9E91611E2D100F539C0 /* iGaiaCoreScreenSpaceRenderState.h */ = {isa = PBXFileReference; fileEncoding = 4; lastKnownFileType = sourcecode.c.h; name = iGaiaCoreScreenSpaceRenderState.h; path = iGaiaCoreRenderMgr/Classes/iGaiaCoreScreenSpaceRenderState.h; sourceTree = "<group>"; };
		A447C9EA1611E2D100F539C0 /* iGaiaCoreScreenSpaceRenderState.mm */ = {isa = PBXFileReference; fileEncoding = 4; lastKnownFileType = sourcecode.cpp.objcpp; name = iGaiaCoreScreenSpaceRenderState.mm; path = iGaiaCoreRenderMgr/Classes/iGaiaCoreScreenSpaceRenderState.mm; sourceTree = "<group>"; };
		A45F60B516032725005B10A3 /* libiGaiaCoreRenderMgr.a */ = {isa = PBXFileReference; explicitFileType = archive.ar; includeInIndex = 0; path = libiGaiaCoreRenderMgr.a; sourceTree = BUILT_PRODUCTS_DIR; };
		A45F60B816032725005B10A3 /* Foundation.framework */ = {isa = PBXFileReference; lastKnownFileType = wrapper.framework; name = Foundation.framework; path = System/Library/Frameworks/Foundation.framework; sourceTree = SDKROOT; };
		A45F60BC16032725005B10A3 /* iGaiaCoreRenderMgr-Prefix.pch */ = {isa = PBXFileReference; lastKnownFileType = sourcecode.c.h; path = "iGaiaCoreRenderMgr-Prefix.pch"; sourceTree = "<group>"; };
		A45F6148160328FD005B10A3 /* iGaiaCoreRenderMgr.h */ = {isa = PBXFileReference; fileEncoding = 4; lastKnownFileType = sourcecode.c.h; name = iGaiaCoreRenderMgr.h; path = iGaiaCoreRenderMgr/Classes/iGaiaCoreRenderMgr.h; sourceTree = "<group>"; };
		A45F6149160328FD005B10A3 /* iGaiaCoreRenderMgr.mm */ = {isa = PBXFileReference; fileEncoding = 4; lastKnownFileType = sourcecode.cpp.objcpp; name = iGaiaCoreRenderMgr.mm; path = iGaiaCoreRenderMgr/Classes/iGaiaCoreRenderMgr.mm; sourceTree = "<group>"; };
		A45F618516032DD8005B10A3 /* iGaiaCoreCommunicator.xcodeproj */ = {isa = PBXFileReference; lastKnownFileType = "wrapper.pb-project"; name = iGaiaCoreCommunicator.xcodeproj; path = ../iGaiaCoreCommunicator/iGaiaCoreCommunicator.xcodeproj; sourceTree = "<group>"; };
/* End PBXFileReference section */

/* Begin PBXFrameworksBuildPhase section */
		A45F60B216032725005B10A3 /* Frameworks */ = {
			isa = PBXFrameworksBuildPhase;
			buildActionMask = 2147483647;
			files = (
				A447C9E81611E24500F539C0 /* libiGaiaCoreCommon.a in Frameworks */,
				A42F81E5160CC18E00453D28 /* UIKit.framework in Frameworks */,
				A42F81E0160CC0F300453D28 /* QuartzCore.framework in Frameworks */,
				A42F81DE160CC0B900453D28 /* CoreGraphics.framework in Frameworks */,
				A42F81DA160CC09400453D28 /* OpenGLES.framework in Frameworks */,
				A45F61B016032E66005B10A3 /* libiGaiaCoreCommunicator.a in Frameworks */,
				A45F60B916032725005B10A3 /* Foundation.framework in Frameworks */,
			);
			runOnlyForDeploymentPostprocessing = 0;
		};
/* End PBXFrameworksBuildPhase section */

/* Begin PBXGroup section */
		A447C9E11611E23300F539C0 /* Products */ = {
			isa = PBXGroup;
			children = (
				A447C9E51611E23400F539C0 /* libiGaiaCoreCommon.a */,
			);
			name = Products;
			sourceTree = "<group>";
		};
		A45F60AA16032725005B10A3 = {
			isa = PBXGroup;
			children = (
				A447C9E01611E23300F539C0 /* iGaiaCoreCommon.xcodeproj */,
				A45F618516032DD8005B10A3 /* iGaiaCoreCommunicator.xcodeproj */,
				A45F60BA16032725005B10A3 /* iGaiaCoreRenderMgr */,
				A45F60B716032725005B10A3 /* Frameworks */,
				A45F60B616032725005B10A3 /* Products */,
			);
			sourceTree = "<group>";
		};
		A45F60B616032725005B10A3 /* Products */ = {
			isa = PBXGroup;
			children = (
				A45F60B516032725005B10A3 /* libiGaiaCoreRenderMgr.a */,
			);
			name = Products;
			sourceTree = "<group>";
		};
		A45F60B716032725005B10A3 /* Frameworks */ = {
			isa = PBXGroup;
			children = (
				A42F81E4160CC18E00453D28 /* UIKit.framework */,
				A42F81DD160CC0B900453D28 /* CoreGraphics.framework */,
				A42F81D9160CC09400453D28 /* OpenGLES.framework */,
				A42F81DF160CC0F300453D28 /* QuartzCore.framework */,
				A45F60B816032725005B10A3 /* Foundation.framework */,
			);
			name = Frameworks;
			sourceTree = "<group>";
		};
		A45F60BA16032725005B10A3 /* iGaiaCoreRenderMgr */ = {
			isa = PBXGroup;
			children = (
				A45F6147160328EE005B10A3 /* Classes */,
				A45F60BB16032725005B10A3 /* Supporting Files */,
			);
			path = iGaiaCoreRenderMgr;
			sourceTree = "<group>";
		};
		A45F60BB16032725005B10A3 /* Supporting Files */ = {
			isa = PBXGroup;
			children = (
				A45F60BC16032725005B10A3 /* iGaiaCoreRenderMgr-Prefix.pch */,
			);
			name = "Supporting Files";
			sourceTree = "<group>";
		};
		A45F6147160328EE005B10A3 /* Classes */ = {
			isa = PBXGroup;
			children = (
				A45F6148160328FD005B10A3 /* iGaiaCoreRenderMgr.h */,
				A45F6149160328FD005B10A3 /* iGaiaCoreRenderMgr.mm */,
				A42F81D5160CB37D00453D28 /* iGaiaCoreGLView.h */,
				A42F81D6160CB37D00453D28 /* iGaiaCoreGLView.mm */,
				A447C9DC1611DF2500F539C0 /* iGaiaCoreWorldSpaceRenderState.h */,
				A447C9DD1611DF2500F539C0 /* iGaiaCoreWorldSpaceRenderState.mm */,
				A447C9E91611E2D100F539C0 /* iGaiaCoreScreenSpaceRenderState.h */,
				A447C9EA1611E2D100F539C0 /* iGaiaCoreScreenSpaceRenderState.mm */,
			);
			name = Classes;
			path = ..;
			sourceTree = "<group>";
		};
		A45F618616032DD8005B10A3 /* Products */ = {
			isa = PBXGroup;
			children = (
				A45F618D16032DD9005B10A3 /* libiGaiaCoreCommunicator.a */,
			);
			name = Products;
			sourceTree = "<group>";
		};
/* End PBXGroup section */

/* Begin PBXNativeTarget section */
		A45F60B416032725005B10A3 /* iGaiaCoreRenderMgr */ = {
			isa = PBXNativeTarget;
			buildConfigurationList = A45F60C316032725005B10A3 /* Build configuration list for PBXNativeTarget "iGaiaCoreRenderMgr" */;
			buildPhases = (
				A45F60B116032725005B10A3 /* Sources */,
				A45F60B216032725005B10A3 /* Frameworks */,
				A45F60B316032725005B10A3 /* CopyFiles */,
			);
			buildRules = (
			);
			dependencies = (
				A447C9E71611E23E00F539C0 /* PBXTargetDependency */,
				A45F61AF16032E61005B10A3 /* PBXTargetDependency */,
			);
			name = iGaiaCoreRenderMgr;
			productName = iGaiaCoreRenderMgr;
			productReference = A45F60B516032725005B10A3 /* libiGaiaCoreRenderMgr.a */;
			productType = "com.apple.product-type.library.static";
		};
/* End PBXNativeTarget section */

/* Begin PBXProject section */
		A45F60AC16032725005B10A3 /* Project object */ = {
			isa = PBXProject;
			attributes = {
				LastUpgradeCheck = 0440;
				ORGANIZATIONNAME = "Sergey Sergeev";
			};
			buildConfigurationList = A45F60AF16032725005B10A3 /* Build configuration list for PBXProject "iGaiaCoreRenderMgr" */;
			compatibilityVersion = "Xcode 3.2";
			developmentRegion = English;
			hasScannedForEncodings = 0;
			knownRegions = (
				en,
			);
			mainGroup = A45F60AA16032725005B10A3;
			productRefGroup = A45F60B616032725005B10A3 /* Products */;
			projectDirPath = "";
			projectReferences = (
				{
					ProductGroup = A447C9E11611E23300F539C0 /* Products */;
					ProjectRef = A447C9E01611E23300F539C0 /* iGaiaCoreCommon.xcodeproj */;
				},
				{
					ProductGroup = A45F618616032DD8005B10A3 /* Products */;
					ProjectRef = A45F618516032DD8005B10A3 /* iGaiaCoreCommunicator.xcodeproj */;
				},
			);
			projectRoot = "";
			targets = (
				A45F60B416032725005B10A3 /* iGaiaCoreRenderMgr */,
			);
		};
/* End PBXProject section */

/* Begin PBXReferenceProxy section */
		A447C9E51611E23400F539C0 /* libiGaiaCoreCommon.a */ = {
			isa = PBXReferenceProxy;
			fileType = archive.ar;
			path = libiGaiaCoreCommon.a;
			remoteRef = A447C9E41611E23400F539C0 /* PBXContainerItemProxy */;
			sourceTree = BUILT_PRODUCTS_DIR;
		};
		A45F618D16032DD9005B10A3 /* libiGaiaCoreCommunicator.a */ = {
			isa = PBXReferenceProxy;
			fileType = archive.ar;
			path = libiGaiaCoreCommunicator.a;
			remoteRef = A45F618C16032DD9005B10A3 /* PBXContainerItemProxy */;
			sourceTree = BUILT_PRODUCTS_DIR;
		};
/* End PBXReferenceProxy section */

/* Begin PBXSourcesBuildPhase section */
		A45F60B116032725005B10A3 /* Sources */ = {
			isa = PBXSourcesBuildPhase;
			buildActionMask = 2147483647;
			files = (
				A45F614A160328FD005B10A3 /* iGaiaCoreRenderMgr.mm in Sources */,
				A42F81D7160CB37D00453D28 /* iGaiaCoreGLView.mm in Sources */,
				A447C9DE1611DF2500F539C0 /* iGaiaCoreWorldSpaceRenderState.mm in Sources */,
				A447C9EB1611E2D100F539C0 /* iGaiaCoreScreenSpaceRenderState.mm in Sources */,
			);
			runOnlyForDeploymentPostprocessing = 0;
		};
/* End PBXSourcesBuildPhase section */

/* Begin PBXTargetDependency section */
		A447C9E71611E23E00F539C0 /* PBXTargetDependency */ = {
			isa = PBXTargetDependency;
			name = iGaiaCoreCommon;
			targetProxy = A447C9E61611E23E00F539C0 /* PBXContainerItemProxy */;
		};
		A45F61AF16032E61005B10A3 /* PBXTargetDependency */ = {
			isa = PBXTargetDependency;
			name = iGaiaCoreCommunicator;
			targetProxy = A45F61AE16032E61005B10A3 /* PBXContainerItemProxy */;
		};
/* End PBXTargetDependency section */

/* Begin XCBuildConfiguration section */
		A45F60C116032725005B10A3 /* Debug */ = {
			isa = XCBuildConfiguration;
			buildSettings = {
				ALWAYS_SEARCH_USER_PATHS = NO;
				ARCHS = "$(ARCHS_STANDARD_32_BIT)";
				CLANG_CXX_LANGUAGE_STANDARD = "gnu++0x";
				CLANG_ENABLE_OBJC_ARC = YES;
				CLANG_WARN__DUPLICATE_METHOD_MATCH = YES;
				COPY_PHASE_STRIP = NO;
				GCC_C_LANGUAGE_STANDARD = gnu99;
				GCC_DYNAMIC_NO_PIC = NO;
				GCC_OPTIMIZATION_LEVEL = 0;
				GCC_PREPROCESSOR_DEFINITIONS = (
					"DEBUG=1",
					"$(inherited)",
				);
				GCC_SYMBOLS_PRIVATE_EXTERN = NO;
				GCC_VERSION = com.apple.compilers.llvm.clang.1_0;
				GCC_WARN_ABOUT_RETURN_TYPE = YES;
				GCC_WARN_UNINITIALIZED_AUTOS = YES;
				GCC_WARN_UNUSED_VARIABLE = YES;
				IPHONEOS_DEPLOYMENT_TARGET = 5.1;
				SDKROOT = iphoneos;
			};
			name = Debug;
		};
		A45F60C216032725005B10A3 /* Release */ = {
			isa = XCBuildConfiguration;
			buildSettings = {
				ALWAYS_SEARCH_USER_PATHS = NO;
				ARCHS = "$(ARCHS_STANDARD_32_BIT)";
				CLANG_CXX_LANGUAGE_STANDARD = "gnu++0x";
				CLANG_ENABLE_OBJC_ARC = YES;
				CLANG_WARN__DUPLICATE_METHOD_MATCH = YES;
				COPY_PHASE_STRIP = YES;
				GCC_C_LANGUAGE_STANDARD = gnu99;
				GCC_VERSION = com.apple.compilers.llvm.clang.1_0;
				GCC_WARN_ABOUT_RETURN_TYPE = YES;
				GCC_WARN_UNINITIALIZED_AUTOS = YES;
				GCC_WARN_UNUSED_VARIABLE = YES;
				IPHONEOS_DEPLOYMENT_TARGET = 5.1;
				SDKROOT = iphoneos;
				VALIDATE_PRODUCT = YES;
			};
			name = Release;
		};
		A45F60C416032725005B10A3 /* Debug */ = {
			isa = XCBuildConfiguration;
			buildSettings = {
				DSTROOT = /tmp/iGaiaCoreRenderMgr.dst;
				GCC_PRECOMPILE_PREFIX_HEADER = YES;
				GCC_PREFIX_HEADER = "iGaiaCoreRenderMgr/iGaiaCoreRenderMgr-Prefix.pch";
				HEADER_SEARCH_PATHS = (
					"\"$(SRCROOT)/../iGaiaCoreCommon\"/**",
					"\"$(SRCROOT)/../iGaiaCoreCommunicator\"/**",
				);
				OTHER_LDFLAGS = "-ObjC";
				PRODUCT_NAME = "$(TARGET_NAME)";
				SKIP_INSTALL = YES;
			};
			name = Debug;
		};
		A45F60C516032725005B10A3 /* Release */ = {
			isa = XCBuildConfiguration;
			buildSettings = {
				DSTROOT = /tmp/iGaiaCoreRenderMgr.dst;
				GCC_PRECOMPILE_PREFIX_HEADER = YES;
				GCC_PREFIX_HEADER = "iGaiaCoreRenderMgr/iGaiaCoreRenderMgr-Prefix.pch";
				HEADER_SEARCH_PATHS = (
					"\"$(SRCROOT)/../iGaiaCoreCommon\"/**",
					"\"$(SRCROOT)/../iGaiaCoreCommunicator\"/**",
				);
				OTHER_LDFLAGS = "-ObjC";
				PRODUCT_NAME = "$(TARGET_NAME)";
				SKIP_INSTALL = YES;
			};
			name = Release;
		};
/* End XCBuildConfiguration section */

/* Begin XCConfigurationList section */
		A45F60AF16032725005B10A3 /* Build configuration list for PBXProject "iGaiaCoreRenderMgr" */ = {
			isa = XCConfigurationList;
			buildConfigurations = (
				A45F60C116032725005B10A3 /* Debug */,
				A45F60C216032725005B10A3 /* Release */,
			);
			defaultConfigurationIsVisible = 0;
			defaultConfigurationName = Release;
		};
		A45F60C316032725005B10A3 /* Build configuration list for PBXNativeTarget "iGaiaCoreRenderMgr" */ = {
			isa = XCConfigurationList;
			buildConfigurations = (
				A45F60C416032725005B10A3 /* Debug */,
				A45F60C516032725005B10A3 /* Release */,
			);
			defaultConfigurationIsVisible = 0;
			defaultConfigurationName = Release;
		};
/* End XCConfigurationList section */
	};
	rootObject = A45F60AC16032725005B10A3 /* Project object */;
}
